// !$*UTF8*$!
{
	archiveVersion = 1;
	classes = {
	};
	objectVersion = 51;
	objects = {

/* Begin PBXBuildFile section */
		84FF2EE76F526D2EEB5D78D0 /* Pods_Speech_Drill.framework in Frameworks */ = {isa = PBXBuildFile; fileRef = B004704A17CB4927208EC40B /* Pods_Speech_Drill.framework */; };
		B204ECB021134A2200A51E8B /* RecordingCell.swift in Sources */ = {isa = PBXBuildFile; fileRef = B204ECAF21134A2200A51E8B /* RecordingCell.swift */; };
		B206B61221609CA700B1CCBA /* SlideInVC.swift in Sources */ = {isa = PBXBuildFile; fileRef = B206B61121609CA700B1CCBA /* SlideInVC.swift */; };
		B206B6162160D39F00B1CCBA /* GoogleService-Info.plist in Resources */ = {isa = PBXBuildFile; fileRef = B206B6152160D39F00B1CCBA /* GoogleService-Info.plist */; };
		B21ABB23210FF664009C678C /* AppDelegate.swift in Sources */ = {isa = PBXBuildFile; fileRef = B21ABB22210FF664009C678C /* AppDelegate.swift */; };
		B21ABB25210FF664009C678C /* MainVC.swift in Sources */ = {isa = PBXBuildFile; fileRef = B21ABB24210FF664009C678C /* MainVC.swift */; };
		B21ABB28210FF664009C678C /* Main.storyboard in Resources */ = {isa = PBXBuildFile; fileRef = B21ABB26210FF664009C678C /* Main.storyboard */; };
		B21ABB2A210FF664009C678C /* Assets.xcassets in Resources */ = {isa = PBXBuildFile; fileRef = B21ABB29210FF664009C678C /* Assets.xcassets */; };
		B21ABB2D210FF664009C678C /* LaunchScreen.storyboard in Resources */ = {isa = PBXBuildFile; fileRef = B21ABB2B210FF664009C678C /* LaunchScreen.storyboard */; };
		B221BED225CC31FD00C7F40E /* SafeArrayExtension.swift in Sources */ = {isa = PBXBuildFile; fileRef = B221BED125CC31FD00C7F40E /* SafeArrayExtension.swift */; };
		B221BED525CD8A8900C7F40E /* DateTimeIntervalExtension.swift in Sources */ = {isa = PBXBuildFile; fileRef = B221BED425CD8A8800C7F40E /* DateTimeIntervalExtension.swift */; };
		B22C81372114133300104E02 /* RoundButton.swift in Sources */ = {isa = PBXBuildFile; fileRef = B22C81362114133300104E02 /* RoundButton.swift */; };
		B22C813B2114366E00104E02 /* topics.csv in Resources */ = {isa = PBXBuildFile; fileRef = B22C813A2114366E00104E02 /* topics.csv */; };
		B22F8FC4214922EF00B05A87 /* RoundBorderedBtn.swift in Sources */ = {isa = PBXBuildFile; fileRef = B22F8FC3214922EF00B05A87 /* RoundBorderedBtn.swift */; };
		B232A5672142207400417DA5 /* logo.png in Resources */ = {isa = PBXBuildFile; fileRef = B232A5662142207400417DA5 /* logo.png */; };
		B23F7F1021483AA6009B6ECA /* UIColors.swift in Sources */ = {isa = PBXBuildFile; fileRef = B23F7F0F21483AA6009B6ECA /* UIColors.swift */; };
		B23F7F1221483AD1009B6ECA /* UIIcons.swift in Sources */ = {isa = PBXBuildFile; fileRef = B23F7F1121483AD1009B6ECA /* UIIcons.swift */; };
		B23F7F1421483B02009B6ECA /* IDs.swift in Sources */ = {isa = PBXBuildFile; fileRef = B23F7F1321483B02009B6ECA /* IDs.swift */; };
		B23F7F1621483BA5009B6ECA /* UIConstraints.swift in Sources */ = {isa = PBXBuildFile; fileRef = B23F7F1521483BA5009B6ECA /* UIConstraints.swift */; };
		B2418C1B215EA6A30020E078 /* RevealSideNav.swift in Sources */ = {isa = PBXBuildFile; fileRef = B2418C1A215EA6A30020E078 /* RevealSideNav.swift */; };
		B2418C1D215EAC490020E078 /* Interactor.swift in Sources */ = {isa = PBXBuildFile; fileRef = B2418C1C215EAC490020E078 /* Interactor.swift */; };
		B2418C1F215EACDA0020E078 /* MenuHelper.swift in Sources */ = {isa = PBXBuildFile; fileRef = B2418C1E215EACDA0020E078 /* MenuHelper.swift */; };
		B25F80B9211F4F3200AD786C /* Enums.swift in Sources */ = {isa = PBXBuildFile; fileRef = B25F80B8211F4F3200AD786C /* Enums.swift */; };
		B25F80C4211F5B0700AD786C /* beep1.m4a in Resources */ = {isa = PBXBuildFile; fileRef = B25F80C3211F5B0700AD786C /* beep1.m4a */; };
		B25F80C6211F5BAA00AD786C /* beep2.m4a in Resources */ = {isa = PBXBuildFile; fileRef = B25F80C5211F5BAA00AD786C /* beep2.m4a */; };
		B25F80C8211F667500AD786C /* RoundLabel.swift in Sources */ = {isa = PBXBuildFile; fileRef = B25F80C7211F667500AD786C /* RoundLabel.swift */; };
		B269D32D25AC11480025E1DE /* DiscussionsViewController.swift in Sources */ = {isa = PBXBuildFile; fileRef = B269D32C25AC11480025E1DE /* DiscussionsViewController.swift */; };
		B269D34B25AC58B00025E1DE /* UserCountryUIView.swift in Sources */ = {isa = PBXBuildFile; fileRef = B269D34A25AC58B00025E1DE /* UserCountryUIView.swift */; };
		B269D34F25AC5B410025E1DE /* UserCountryCell.swift in Sources */ = {isa = PBXBuildFile; fileRef = B269D34E25AC5B410025E1DE /* UserCountryCell.swift */; };
		B269D3A625ACB7720025E1DE /* UserLocationHelper.swift in Sources */ = {isa = PBXBuildFile; fileRef = B269D3A525ACB7720025E1DE /* UserLocationHelper.swift */; };
		B269D3A925ADB9EB0025E1DE /* FirebaseReferences.swift in Sources */ = {isa = PBXBuildFile; fileRef = B269D3A825ADB9EB0025E1DE /* FirebaseReferences.swift */; };
		B269D3AC25ADEE650025E1DE /* DiscussionsMessageBox.swift in Sources */ = {isa = PBXBuildFile; fileRef = B269D3AB25ADEE650025E1DE /* DiscussionsMessageBox.swift */; };
		B26A36BD215ECE3C00628EC9 /* HideSideNav.swift in Sources */ = {isa = PBXBuildFile; fileRef = B26A36BC215ECE3C00628EC9 /* HideSideNav.swift */; };
		B26C1B37212C8FDE0015795C /* CentralAudioPlayer.swift in Sources */ = {isa = PBXBuildFile; fileRef = B26C1B36212C8FDE0015795C /* CentralAudioPlayer.swift */; };
		B26DEB9F2161556D006FE754 /* SceenType.swift in Sources */ = {isa = PBXBuildFile; fileRef = B26DEB9E2161556D006FE754 /* SceenType.swift */; };
		B2ACC673212D0E16009AE30D /* RoundedImage.swift in Sources */ = {isa = PBXBuildFile; fileRef = B2ACC672212D0E16009AE30D /* RoundedImage.swift */; };
		B2ACC677212D0F59009AE30D /* blackbg.jpg in Resources */ = {isa = PBXBuildFile; fileRef = B2ACC676212D0F58009AE30D /* blackbg.jpg */; };
		B2B3C66725BD49F000DC9B86 /* SideNavigationController.swift in Sources */ = {isa = PBXBuildFile; fileRef = B2B3C66625BD49F000DC9B86 /* SideNavigationController.swift */; };
		B2B3C66A25BD579000DC9B86 /* SlidingNavigationController.swift in Sources */ = {isa = PBXBuildFile; fileRef = B2B3C66925BD579000DC9B86 /* SlidingNavigationController.swift */; };
		B2BBE29725AEF1DD0054DE1F /* DiscussionChatView.swift in Sources */ = {isa = PBXBuildFile; fileRef = B2BBE29625AEF1DD0054DE1F /* DiscussionChatView.swift */; };
		B2BBE29A25AEF5BD0054DE1F /* DiscussionChatMessageCell.swift in Sources */ = {isa = PBXBuildFile; fileRef = B2BBE29925AEF5BD0054DE1F /* DiscussionChatMessageCell.swift */; };
		B2BBE29D25AF46000054DE1F /* DictionaryKeys.swift in Sources */ = {isa = PBXBuildFile; fileRef = B2BBE29C25AF46000054DE1F /* DictionaryKeys.swift */; };
		B2BBE2B325AF50E90054DE1F /* DiscussionMessage.swift in Sources */ = {isa = PBXBuildFile; fileRef = B2BBE2B225AF50E90054DE1F /* DiscussionMessage.swift */; };
		B2BBE2B625B023630054DE1F /* EncodableExtension.swift in Sources */ = {isa = PBXBuildFile; fileRef = B2BBE2B525B023630054DE1F /* EncodableExtension.swift */; };
		B2BBE2B925B024010054DE1F /* DataExtension.swift in Sources */ = {isa = PBXBuildFile; fileRef = B2BBE2B825B024010054DE1F /* DataExtension.swift */; };
		B2BBE2BC25B0243E0054DE1F /* SequenceExtension.swift in Sources */ = {isa = PBXBuildFile; fileRef = B2BBE2BB25B0243E0054DE1F /* SequenceExtension.swift */; };
		B2BBE2C425B16B050054DE1F /* UITableViewExtension.swift in Sources */ = {isa = PBXBuildFile; fileRef = B2BBE2C325B16B050054DE1F /* UITableViewExtension.swift */; };
		B2BBE2C825B18DAD0054DE1F /* NotificationNames.swift in Sources */ = {isa = PBXBuildFile; fileRef = B2BBE2C725B18DAD0054DE1F /* NotificationNames.swift */; };
		B2BBE30525B36B5A0054DE1F /* discussions.png in Resources */ = {isa = PBXBuildFile; fileRef = B2BBE30425B36B5A0054DE1F /* discussions.png */; };
		B2BBE30925B402EA0054DE1F /* SideNavMenuItemCell.swift in Sources */ = {isa = PBXBuildFile; fileRef = B2BBE30825B402E90054DE1F /* SideNavMenuItemCell.swift */; };
		B2BBE30F25B406750054DE1F /* SideNavMenuItemStruct.swift in Sources */ = {isa = PBXBuildFile; fileRef = B2BBE30E25B406750054DE1F /* SideNavMenuItemStruct.swift */; };
		B2BBE31225B4096B0054DE1F /* SideNavAdStructure.swift in Sources */ = {isa = PBXBuildFile; fileRef = B2BBE31125B4096B0054DE1F /* SideNavAdStructure.swift */; };
		B2BBE31525B40F4C0054DE1F /* SideNavAdCell.swift in Sources */ = {isa = PBXBuildFile; fileRef = B2BBE31425B40F4C0054DE1F /* SideNavAdCell.swift */; };
		B2BBE31825B4118C0054DE1F /* no-image.png in Resources */ = {isa = PBXBuildFile; fileRef = B2BBE31725B4118C0054DE1F /* no-image.png */; };
		B2BBE36625B498DF0054DE1F /* KeyboardObserver.swift in Sources */ = {isa = PBXBuildFile; fileRef = B2BBE36525B498DF0054DE1F /* KeyboardObserver.swift */; };
		B2BC4A38213C535E00EDEB74 /* IconMaker.swift in Sources */ = {isa = PBXBuildFile; fileRef = B2BC4A37213C535E00EDEB74 /* IconMaker.swift */; };
		B2BC4A3A213C55E800EDEB74 /* RecordingsMerger.swift in Sources */ = {isa = PBXBuildFile; fileRef = B2BC4A39213C55E800EDEB74 /* RecordingsMerger.swift */; };
		B2BF9F08214009820015F330 /* Pulsing.swift in Sources */ = {isa = PBXBuildFile; fileRef = B2BF9F07214009820015F330 /* Pulsing.swift */; };
		B2D70CB42164A7520003232D /* AnalyticsEvents.swift in Sources */ = {isa = PBXBuildFile; fileRef = B2D70CB32164A7520003232D /* AnalyticsEvents.swift */; };
		B2DB3F232148EE72000DD50E /* ProgressBar.swift in Sources */ = {isa = PBXBuildFile; fileRef = B2DB3F222148EE72000DD50E /* ProgressBar.swift */; };
		B2E0F31D25C46C7400796318 /* UIScrollView.swift in Sources */ = {isa = PBXBuildFile; fileRef = B2E0F31C25C46C7400796318 /* UIScrollView.swift */; };
		B2E0F32025C532A400796318 /* UserInfoStruct.swift in Sources */ = {isa = PBXBuildFile; fileRef = B2E0F31F25C532A400796318 /* UserInfoStruct.swift */; };
		B2E0F32325C5555F00796318 /* UserInfoHelper.swift in Sources */ = {isa = PBXBuildFile; fileRef = B2E0F32225C5555F00796318 /* UserInfoHelper.swift */; };
		B2E0F32825C7D42000796318 /* MainVCTableView.swift in Sources */ = {isa = PBXBuildFile; fileRef = B2E0F32725C7D42000796318 /* MainVCTableView.swift */; };
		B2E0F32C25C7D7B700796318 /* MainVCExportMenu.swift in Sources */ = {isa = PBXBuildFile; fileRef = B2E0F32B25C7D7B700796318 /* MainVCExportMenu.swift */; };
		B2E0F32F25C7D80800796318 /* MainVCAudioRecorder.swift in Sources */ = {isa = PBXBuildFile; fileRef = B2E0F32E25C7D80800796318 /* MainVCAudioRecorder.swift */; };
		B2E0F33225C7D89B00796318 /* MainVCCallHelper.swift in Sources */ = {isa = PBXBuildFile; fileRef = B2E0F33125C7D89B00796318 /* MainVCCallHelper.swift */; };
		B2E0F33625C7DC6600796318 /* MainVCUtilityFunctions.swift in Sources */ = {isa = PBXBuildFile; fileRef = B2E0F33525C7DC6600796318 /* MainVCUtilityFunctions.swift */; };
		B2E0F33925C7DD1F00796318 /* MainVCActions.swift in Sources */ = {isa = PBXBuildFile; fileRef = B2E0F33825C7DD1F00796318 /* MainVCActions.swift */; };
		B2E0F33C25C7DE4400796318 /* MainVCViewConfigurer.swift in Sources */ = {isa = PBXBuildFile; fileRef = B2E0F33B25C7DE4400796318 /* MainVCViewConfigurer.swift */; };
		B2E0F34025C7DF7300796318 /* DiscussionsVCKeyboardHandler.swift in Sources */ = {isa = PBXBuildFile; fileRef = B2E0F33F25C7DF7300796318 /* DiscussionsVCKeyboardHandler.swift */; };
		B2E0F34325C7E0A100796318 /* DiscussionsVCLoginHandler.swift in Sources */ = {isa = PBXBuildFile; fileRef = B2E0F34225C7E0A100796318 /* DiscussionsVCLoginHandler.swift */; };
		B2E0F34625C7E17900796318 /* DiscussionsVCViewConfigurer.swift in Sources */ = {isa = PBXBuildFile; fileRef = B2E0F34525C7E17900796318 /* DiscussionsVCViewConfigurer.swift */; };
		B2E0F34925C7E1F400796318 /* DiscussionsVCActions.swift in Sources */ = {isa = PBXBuildFile; fileRef = B2E0F34825C7E1F400796318 /* DiscussionsVCActions.swift */; };
		B2E0F34E25C7E33A00796318 /* SideNavigationVCTableView.swift in Sources */ = {isa = PBXBuildFile; fileRef = B2E0F34D25C7E33A00796318 /* SideNavigationVCTableView.swift */; };
		B2E0F35125C7E37900796318 /* SideNavigationVCViewConfigurer.swift in Sources */ = {isa = PBXBuildFile; fileRef = B2E0F35025C7E37900796318 /* SideNavigationVCViewConfigurer.swift */; };
		B2E0F35425C7E41700796318 /* SideNavigationVCActions.swift in Sources */ = {isa = PBXBuildFile; fileRef = B2E0F35325C7E41700796318 /* SideNavigationVCActions.swift */; };
		B2E0F35725C80AA900796318 /* UIImage.swift in Sources */ = {isa = PBXBuildFile; fileRef = B2E0F35625C80AA900796318 /* UIImage.swift */; };
		B2E5F5DD212B1D1200FC7E28 /* dleft.png in Resources */ = {isa = PBXBuildFile; fileRef = B2E5F5D7212B1D0E00FC7E28 /* dleft.png */; };
		B2E5F5DE212B1D1200FC7E28 /* tleft.png in Resources */ = {isa = PBXBuildFile; fileRef = B2E5F5D8212B1D0F00FC7E28 /* tleft.png */; };
		B2E5F5DF212B1D1200FC7E28 /* tright.png in Resources */ = {isa = PBXBuildFile; fileRef = B2E5F5D9212B1D0F00FC7E28 /* tright.png */; };
		B2E5F5E0212B1D1200FC7E28 /* dright.png in Resources */ = {isa = PBXBuildFile; fileRef = B2E5F5DA212B1D1000FC7E28 /* dright.png */; };
		B2E5F5E1212B1D1200FC7E28 /* sright.png in Resources */ = {isa = PBXBuildFile; fileRef = B2E5F5DB212B1D1100FC7E28 /* sright.png */; };
		B2E5F5E2212B1D1200FC7E28 /* sleft.png in Resources */ = {isa = PBXBuildFile; fileRef = B2E5F5DC212B1D1100FC7E28 /* sleft.png */; };
		B2E5F5E8212B260C00FC7E28 /* InfoVC.swift in Sources */ = {isa = PBXBuildFile; fileRef = B2E5F5E7212B260C00FC7E28 /* InfoVC.swift */; };
		B2E5F5EA212B2C5900FC7E28 /* Utils.swift in Sources */ = {isa = PBXBuildFile; fileRef = B2E5F5E9212B2C5900FC7E28 /* Utils.swift */; };
		B2E5F5EC212B2E7600FC7E28 /* Me.jpg in Resources */ = {isa = PBXBuildFile; fileRef = B2E5F5EB212B2E7600FC7E28 /* Me.jpg */; };
		B2E5F5F2212B340D00FC7E28 /* IconCell.swift in Sources */ = {isa = PBXBuildFile; fileRef = B2E5F5F1212B340D00FC7E28 /* IconCell.swift */; };
		B2E5F5F4212B401B00FC7E28 /* RoundImage.swift in Sources */ = {isa = PBXBuildFile; fileRef = B2E5F5F3212B401B00FC7E28 /* RoundImage.swift */; };
		B2E5F5F7212B420900FC7E28 /* ShuffleExtension.swift in Sources */ = {isa = PBXBuildFile; fileRef = B2E5F5F6212B420900FC7E28 /* ShuffleExtension.swift */; };
		B2F01E17212D3244006D6D86 /* penmic.png in Resources */ = {isa = PBXBuildFile; fileRef = B2F01E19212D3244006D6D86 /* penmic.png */; };
		B2F01E21212D3994006D6D86 /* speak_now.mp3 in Resources */ = {isa = PBXBuildFile; fileRef = B2F01E1D212D3993006D6D86 /* speak_now.mp3 */; };
		B2F01E22212D3994006D6D86 /* integrated_a.mp3 in Resources */ = {isa = PBXBuildFile; fileRef = B2F01E1E212D3994006D6D86 /* integrated_a.mp3 */; };
		B2F01E23212D3994006D6D86 /* independent.mp3 in Resources */ = {isa = PBXBuildFile; fileRef = B2F01E1F212D3994006D6D86 /* independent.mp3 */; };
		B2F01E24212D3994006D6D86 /* integrated_b.mp3 in Resources */ = {isa = PBXBuildFile; fileRef = B2F01E20212D3994006D6D86 /* integrated_b.mp3 */; };
		B2F01E26212D8C44006D6D86 /* Toast.swift in Sources */ = {isa = PBXBuildFile; fileRef = B2F01E25212D8C44006D6D86 /* Toast.swift */; };
		B2F0300925B59D0B004A791D /* SideNavAdsSaver.swift in Sources */ = {isa = PBXBuildFile; fileRef = B2F0300825B59D0B004A791D /* SideNavAdsSaver.swift */; };
		B2F0300C25B5C261004A791D /* SideNavAdsTableViewCell.swift in Sources */ = {isa = PBXBuildFile; fileRef = B2F0300B25B5C261004A791D /* SideNavAdsTableViewCell.swift */; };
		B2F0300F25B5C9E4004A791D /* VersionInfoView.swift in Sources */ = {isa = PBXBuildFile; fileRef = B2F0300E25B5C9E4004A791D /* VersionInfoView.swift */; };
		B2F0301225B5CCD3004A791D /* UIFonts.swift in Sources */ = {isa = PBXBuildFile; fileRef = B2F0301125B5CCD3004A791D /* UIFonts.swift */; };
		B2F0301525B5CDAA004A791D /* ExternalLinks.swift in Sources */ = {isa = PBXBuildFile; fileRef = B2F0301425B5CDAA004A791D /* ExternalLinks.swift */; };
		B2F0301825B5D233004A791D /* UIViewEdgeBordersExtension.swift in Sources */ = {isa = PBXBuildFile; fileRef = B2F0301725B5D233004A791D /* UIViewEdgeBordersExtension.swift */; };
		B2F0301B25B5D7B8004A791D /* SideNavNoticesTableViewCell.swift in Sources */ = {isa = PBXBuildFile; fileRef = B2F0301A25B5D7B8004A791D /* SideNavNoticesTableViewCell.swift */; };
		B2F0304525B6D751004A791D /* SideNavNoticeCollectionViewCell.swift in Sources */ = {isa = PBXBuildFile; fileRef = B2F0304425B6D751004A791D /* SideNavNoticeCollectionViewCell.swift */; };
		B2F0305A25B6DF73004A791D /* NoticeStructure.swift in Sources */ = {isa = PBXBuildFile; fileRef = B2F0305925B6DF73004A791D /* NoticeStructure.swift */; };
		B2FFE74421438AE600484AFA /* SectionHeader.xib in Resources */ = {isa = PBXBuildFile; fileRef = B2FFE74321438AE600484AFA /* SectionHeader.xib */; };
		B2FFE74621438C7B00484AFA /* SectionHeader.swift in Sources */ = {isa = PBXBuildFile; fileRef = B2FFE74521438C7B00484AFA /* SectionHeader.swift */; };
/* End PBXBuildFile section */

/* Begin PBXFileReference section */
		0BECC3C4456E730C500DAC85 /* Pods-Speech-Drill.debug.xcconfig */ = {isa = PBXFileReference; includeInIndex = 1; lastKnownFileType = text.xcconfig; name = "Pods-Speech-Drill.debug.xcconfig"; path = "Pods/Target Support Files/Pods-Speech-Drill/Pods-Speech-Drill.debug.xcconfig"; sourceTree = "<group>"; };
		1F2AD09C9611AD51D31B8DC1 /* Pods-TOEFL-Speaking.debug.xcconfig */ = {isa = PBXFileReference; includeInIndex = 1; lastKnownFileType = text.xcconfig; name = "Pods-TOEFL-Speaking.debug.xcconfig"; path = "Pods/Target Support Files/Pods-TOEFL-Speaking/Pods-TOEFL-Speaking.debug.xcconfig"; sourceTree = "<group>"; };
		77D0B60F9E79CA2CAB235FD0 /* Pods-Speech-Drill.release.xcconfig */ = {isa = PBXFileReference; includeInIndex = 1; lastKnownFileType = text.xcconfig; name = "Pods-Speech-Drill.release.xcconfig"; path = "Pods/Target Support Files/Pods-Speech-Drill/Pods-Speech-Drill.release.xcconfig"; sourceTree = "<group>"; };
		7F7944DA8AFEC25230A555F0 /* Pods_TOEFL_Speaking.framework */ = {isa = PBXFileReference; explicitFileType = wrapper.framework; includeInIndex = 0; path = Pods_TOEFL_Speaking.framework; sourceTree = BUILT_PRODUCTS_DIR; };
		B004704A17CB4927208EC40B /* Pods_Speech_Drill.framework */ = {isa = PBXFileReference; explicitFileType = wrapper.framework; includeInIndex = 0; path = Pods_Speech_Drill.framework; sourceTree = BUILT_PRODUCTS_DIR; };
		B204ECAF21134A2200A51E8B /* RecordingCell.swift */ = {isa = PBXFileReference; lastKnownFileType = sourcecode.swift; path = RecordingCell.swift; sourceTree = "<group>"; };
		B206B61121609CA700B1CCBA /* SlideInVC.swift */ = {isa = PBXFileReference; lastKnownFileType = sourcecode.swift; path = SlideInVC.swift; sourceTree = "<group>"; };
		B206B6152160D39F00B1CCBA /* GoogleService-Info.plist */ = {isa = PBXFileReference; fileEncoding = 4; lastKnownFileType = text.plist.xml; path = "GoogleService-Info.plist"; sourceTree = "<group>"; };
		B21ABB1F210FF664009C678C /* Speech-Drill.app */ = {isa = PBXFileReference; explicitFileType = wrapper.application; includeInIndex = 0; path = "Speech-Drill.app"; sourceTree = BUILT_PRODUCTS_DIR; };
		B21ABB22210FF664009C678C /* AppDelegate.swift */ = {isa = PBXFileReference; lastKnownFileType = sourcecode.swift; path = AppDelegate.swift; sourceTree = "<group>"; };
		B21ABB24210FF664009C678C /* MainVC.swift */ = {isa = PBXFileReference; lastKnownFileType = sourcecode.swift; path = MainVC.swift; sourceTree = "<group>"; };
		B21ABB27210FF664009C678C /* Base */ = {isa = PBXFileReference; lastKnownFileType = file.storyboard; name = Base; path = Base.lproj/Main.storyboard; sourceTree = "<group>"; };
		B21ABB29210FF664009C678C /* Assets.xcassets */ = {isa = PBXFileReference; lastKnownFileType = folder.assetcatalog; path = Assets.xcassets; sourceTree = "<group>"; };
		B21ABB2C210FF664009C678C /* Base */ = {isa = PBXFileReference; lastKnownFileType = file.storyboard; name = Base; path = Base.lproj/LaunchScreen.storyboard; sourceTree = "<group>"; };
		B21ABB2E210FF664009C678C /* Info.plist */ = {isa = PBXFileReference; lastKnownFileType = text.plist.xml; path = Info.plist; sourceTree = "<group>"; };
		B221BED125CC31FD00C7F40E /* SafeArrayExtension.swift */ = {isa = PBXFileReference; lastKnownFileType = sourcecode.swift; path = SafeArrayExtension.swift; sourceTree = "<group>"; };
		B221BED425CD8A8800C7F40E /* DateTimeIntervalExtension.swift */ = {isa = PBXFileReference; lastKnownFileType = sourcecode.swift; path = DateTimeIntervalExtension.swift; sourceTree = "<group>"; };
		B22C81362114133300104E02 /* RoundButton.swift */ = {isa = PBXFileReference; lastKnownFileType = sourcecode.swift; path = RoundButton.swift; sourceTree = "<group>"; };
		B22C813A2114366E00104E02 /* topics.csv */ = {isa = PBXFileReference; fileEncoding = 4; lastKnownFileType = text; path = topics.csv; sourceTree = "<group>"; };
		B22F8FC3214922EF00B05A87 /* RoundBorderedBtn.swift */ = {isa = PBXFileReference; lastKnownFileType = sourcecode.swift; path = RoundBorderedBtn.swift; sourceTree = "<group>"; };
		B232A5662142207400417DA5 /* logo.png */ = {isa = PBXFileReference; lastKnownFileType = image.png; path = logo.png; sourceTree = SOURCE_ROOT; };
		B23F7F0F21483AA6009B6ECA /* UIColors.swift */ = {isa = PBXFileReference; lastKnownFileType = sourcecode.swift; path = UIColors.swift; sourceTree = "<group>"; };
		B23F7F1121483AD1009B6ECA /* UIIcons.swift */ = {isa = PBXFileReference; lastKnownFileType = sourcecode.swift; path = UIIcons.swift; sourceTree = "<group>"; };
		B23F7F1321483B02009B6ECA /* IDs.swift */ = {isa = PBXFileReference; lastKnownFileType = sourcecode.swift; path = IDs.swift; sourceTree = "<group>"; };
		B23F7F1521483BA5009B6ECA /* UIConstraints.swift */ = {isa = PBXFileReference; lastKnownFileType = sourcecode.swift; path = UIConstraints.swift; sourceTree = "<group>"; };
		B2418C1A215EA6A30020E078 /* RevealSideNav.swift */ = {isa = PBXFileReference; lastKnownFileType = sourcecode.swift; path = RevealSideNav.swift; sourceTree = "<group>"; };
		B2418C1C215EAC490020E078 /* Interactor.swift */ = {isa = PBXFileReference; lastKnownFileType = sourcecode.swift; path = Interactor.swift; sourceTree = "<group>"; };
		B2418C1E215EACDA0020E078 /* MenuHelper.swift */ = {isa = PBXFileReference; lastKnownFileType = sourcecode.swift; path = MenuHelper.swift; sourceTree = "<group>"; };
		B25F80B8211F4F3200AD786C /* Enums.swift */ = {isa = PBXFileReference; lastKnownFileType = sourcecode.swift; path = Enums.swift; sourceTree = "<group>"; };
		B25F80C3211F5B0700AD786C /* beep1.m4a */ = {isa = PBXFileReference; lastKnownFileType = file; path = beep1.m4a; sourceTree = "<group>"; };
		B25F80C5211F5BAA00AD786C /* beep2.m4a */ = {isa = PBXFileReference; lastKnownFileType = file; path = beep2.m4a; sourceTree = "<group>"; };
		B25F80C7211F667500AD786C /* RoundLabel.swift */ = {isa = PBXFileReference; lastKnownFileType = sourcecode.swift; path = RoundLabel.swift; sourceTree = "<group>"; };
		B269D32C25AC11480025E1DE /* DiscussionsViewController.swift */ = {isa = PBXFileReference; lastKnownFileType = sourcecode.swift; path = DiscussionsViewController.swift; sourceTree = "<group>"; };
		B269D34A25AC58B00025E1DE /* UserCountryUIView.swift */ = {isa = PBXFileReference; lastKnownFileType = sourcecode.swift; path = UserCountryUIView.swift; sourceTree = "<group>"; };
		B269D34E25AC5B410025E1DE /* UserCountryCell.swift */ = {isa = PBXFileReference; lastKnownFileType = sourcecode.swift; path = UserCountryCell.swift; sourceTree = "<group>"; };
		B269D3A525ACB7720025E1DE /* UserLocationHelper.swift */ = {isa = PBXFileReference; lastKnownFileType = sourcecode.swift; path = UserLocationHelper.swift; sourceTree = "<group>"; };
		B269D3A825ADB9EB0025E1DE /* FirebaseReferences.swift */ = {isa = PBXFileReference; lastKnownFileType = sourcecode.swift; path = FirebaseReferences.swift; sourceTree = "<group>"; };
		B269D3AB25ADEE650025E1DE /* DiscussionsMessageBox.swift */ = {isa = PBXFileReference; lastKnownFileType = sourcecode.swift; path = DiscussionsMessageBox.swift; sourceTree = "<group>"; };
		B26A36BC215ECE3C00628EC9 /* HideSideNav.swift */ = {isa = PBXFileReference; lastKnownFileType = sourcecode.swift; path = HideSideNav.swift; sourceTree = "<group>"; };
		B26C1B36212C8FDE0015795C /* CentralAudioPlayer.swift */ = {isa = PBXFileReference; lastKnownFileType = sourcecode.swift; path = CentralAudioPlayer.swift; sourceTree = "<group>"; };
		B26DEB9A21613272006FE754 /* gogenius.png */ = {isa = PBXFileReference; lastKnownFileType = image.png; path = gogenius.png; sourceTree = "<group>"; };
		B26DEB9E2161556D006FE754 /* SceenType.swift */ = {isa = PBXFileReference; lastKnownFileType = sourcecode.swift; path = SceenType.swift; sourceTree = "<group>"; };
		B2ACC672212D0E16009AE30D /* RoundedImage.swift */ = {isa = PBXFileReference; lastKnownFileType = sourcecode.swift; path = RoundedImage.swift; sourceTree = "<group>"; };
		B2ACC676212D0F58009AE30D /* blackbg.jpg */ = {isa = PBXFileReference; lastKnownFileType = image.jpeg; path = blackbg.jpg; sourceTree = "<group>"; };
		B2B3C66225BB106F00DC9B86 /* Speech-Drill.entitlements */ = {isa = PBXFileReference; lastKnownFileType = text.plist.entitlements; path = "Speech-Drill.entitlements"; sourceTree = "<group>"; };
		B2B3C66625BD49F000DC9B86 /* SideNavigationController.swift */ = {isa = PBXFileReference; lastKnownFileType = sourcecode.swift; path = SideNavigationController.swift; sourceTree = "<group>"; };
		B2B3C66925BD579000DC9B86 /* SlidingNavigationController.swift */ = {isa = PBXFileReference; lastKnownFileType = sourcecode.swift; path = SlidingNavigationController.swift; sourceTree = "<group>"; };
		B2BBE29625AEF1DD0054DE1F /* DiscussionChatView.swift */ = {isa = PBXFileReference; lastKnownFileType = sourcecode.swift; path = DiscussionChatView.swift; sourceTree = "<group>"; };
		B2BBE29925AEF5BD0054DE1F /* DiscussionChatMessageCell.swift */ = {isa = PBXFileReference; lastKnownFileType = sourcecode.swift; path = DiscussionChatMessageCell.swift; sourceTree = "<group>"; };
		B2BBE29C25AF46000054DE1F /* DictionaryKeys.swift */ = {isa = PBXFileReference; lastKnownFileType = sourcecode.swift; path = DictionaryKeys.swift; sourceTree = "<group>"; };
		B2BBE2B225AF50E90054DE1F /* DiscussionMessage.swift */ = {isa = PBXFileReference; lastKnownFileType = sourcecode.swift; path = DiscussionMessage.swift; sourceTree = "<group>"; };
		B2BBE2B525B023630054DE1F /* EncodableExtension.swift */ = {isa = PBXFileReference; lastKnownFileType = sourcecode.swift; path = EncodableExtension.swift; sourceTree = "<group>"; };
		B2BBE2B825B024010054DE1F /* DataExtension.swift */ = {isa = PBXFileReference; lastKnownFileType = sourcecode.swift; path = DataExtension.swift; sourceTree = "<group>"; };
		B2BBE2BB25B0243E0054DE1F /* SequenceExtension.swift */ = {isa = PBXFileReference; lastKnownFileType = sourcecode.swift; path = SequenceExtension.swift; sourceTree = "<group>"; };
		B2BBE2C325B16B050054DE1F /* UITableViewExtension.swift */ = {isa = PBXFileReference; lastKnownFileType = sourcecode.swift; path = UITableViewExtension.swift; sourceTree = "<group>"; };
		B2BBE2C725B18DAD0054DE1F /* NotificationNames.swift */ = {isa = PBXFileReference; lastKnownFileType = sourcecode.swift; path = NotificationNames.swift; sourceTree = "<group>"; };
		B2BBE30425B36B5A0054DE1F /* discussions.png */ = {isa = PBXFileReference; lastKnownFileType = image.png; path = discussions.png; sourceTree = "<group>"; };
		B2BBE30825B402E90054DE1F /* SideNavMenuItemCell.swift */ = {isa = PBXFileReference; lastKnownFileType = sourcecode.swift; path = SideNavMenuItemCell.swift; sourceTree = "<group>"; };
		B2BBE30E25B406750054DE1F /* SideNavMenuItemStruct.swift */ = {isa = PBXFileReference; lastKnownFileType = sourcecode.swift; path = SideNavMenuItemStruct.swift; sourceTree = "<group>"; };
		B2BBE31125B4096B0054DE1F /* SideNavAdStructure.swift */ = {isa = PBXFileReference; lastKnownFileType = sourcecode.swift; path = SideNavAdStructure.swift; sourceTree = "<group>"; };
		B2BBE31425B40F4C0054DE1F /* SideNavAdCell.swift */ = {isa = PBXFileReference; lastKnownFileType = sourcecode.swift; path = SideNavAdCell.swift; sourceTree = "<group>"; };
		B2BBE31725B4118C0054DE1F /* no-image.png */ = {isa = PBXFileReference; lastKnownFileType = image.png; path = "no-image.png"; sourceTree = "<group>"; };
		B2BBE36525B498DF0054DE1F /* KeyboardObserver.swift */ = {isa = PBXFileReference; lastKnownFileType = sourcecode.swift; path = KeyboardObserver.swift; sourceTree = "<group>"; };
		B2BC4A37213C535E00EDEB74 /* IconMaker.swift */ = {isa = PBXFileReference; lastKnownFileType = sourcecode.swift; path = IconMaker.swift; sourceTree = "<group>"; };
		B2BC4A39213C55E800EDEB74 /* RecordingsMerger.swift */ = {isa = PBXFileReference; lastKnownFileType = sourcecode.swift; path = RecordingsMerger.swift; sourceTree = "<group>"; };
		B2BF9F07214009820015F330 /* Pulsing.swift */ = {isa = PBXFileReference; lastKnownFileType = sourcecode.swift; path = Pulsing.swift; sourceTree = "<group>"; };
		B2D70CB32164A7520003232D /* AnalyticsEvents.swift */ = {isa = PBXFileReference; lastKnownFileType = sourcecode.swift; path = AnalyticsEvents.swift; sourceTree = "<group>"; };
		B2D70CB7216506E70003232D /* bars.png */ = {isa = PBXFileReference; lastKnownFileType = image.png; path = bars.png; sourceTree = "<group>"; };
		B2DB3F222148EE72000DD50E /* ProgressBar.swift */ = {isa = PBXFileReference; lastKnownFileType = sourcecode.swift; path = ProgressBar.swift; sourceTree = "<group>"; };
		B2E0F31C25C46C7400796318 /* UIScrollView.swift */ = {isa = PBXFileReference; lastKnownFileType = sourcecode.swift; path = UIScrollView.swift; sourceTree = "<group>"; };
		B2E0F31F25C532A400796318 /* UserInfoStruct.swift */ = {isa = PBXFileReference; lastKnownFileType = sourcecode.swift; path = UserInfoStruct.swift; sourceTree = "<group>"; };
		B2E0F32225C5555F00796318 /* UserInfoHelper.swift */ = {isa = PBXFileReference; lastKnownFileType = sourcecode.swift; path = UserInfoHelper.swift; sourceTree = "<group>"; };
		B2E0F32725C7D42000796318 /* MainVCTableView.swift */ = {isa = PBXFileReference; lastKnownFileType = sourcecode.swift; path = MainVCTableView.swift; sourceTree = "<group>"; };
		B2E0F32B25C7D7B700796318 /* MainVCExportMenu.swift */ = {isa = PBXFileReference; lastKnownFileType = sourcecode.swift; path = MainVCExportMenu.swift; sourceTree = "<group>"; };
		B2E0F32E25C7D80800796318 /* MainVCAudioRecorder.swift */ = {isa = PBXFileReference; lastKnownFileType = sourcecode.swift; path = MainVCAudioRecorder.swift; sourceTree = "<group>"; };
		B2E0F33125C7D89B00796318 /* MainVCCallHelper.swift */ = {isa = PBXFileReference; lastKnownFileType = sourcecode.swift; path = MainVCCallHelper.swift; sourceTree = "<group>"; };
		B2E0F33525C7DC6600796318 /* MainVCUtilityFunctions.swift */ = {isa = PBXFileReference; lastKnownFileType = sourcecode.swift; path = MainVCUtilityFunctions.swift; sourceTree = "<group>"; };
		B2E0F33825C7DD1F00796318 /* MainVCActions.swift */ = {isa = PBXFileReference; lastKnownFileType = sourcecode.swift; path = MainVCActions.swift; sourceTree = "<group>"; };
		B2E0F33B25C7DE4400796318 /* MainVCViewConfigurer.swift */ = {isa = PBXFileReference; lastKnownFileType = sourcecode.swift; path = MainVCViewConfigurer.swift; sourceTree = "<group>"; };
		B2E0F33F25C7DF7300796318 /* DiscussionsVCKeyboardHandler.swift */ = {isa = PBXFileReference; lastKnownFileType = sourcecode.swift; path = DiscussionsVCKeyboardHandler.swift; sourceTree = "<group>"; };
		B2E0F34225C7E0A100796318 /* DiscussionsVCLoginHandler.swift */ = {isa = PBXFileReference; lastKnownFileType = sourcecode.swift; path = DiscussionsVCLoginHandler.swift; sourceTree = "<group>"; };
		B2E0F34525C7E17900796318 /* DiscussionsVCViewConfigurer.swift */ = {isa = PBXFileReference; lastKnownFileType = sourcecode.swift; path = DiscussionsVCViewConfigurer.swift; sourceTree = "<group>"; };
		B2E0F34825C7E1F400796318 /* DiscussionsVCActions.swift */ = {isa = PBXFileReference; lastKnownFileType = sourcecode.swift; path = DiscussionsVCActions.swift; sourceTree = "<group>"; };
		B2E0F34D25C7E33A00796318 /* SideNavigationVCTableView.swift */ = {isa = PBXFileReference; lastKnownFileType = sourcecode.swift; path = SideNavigationVCTableView.swift; sourceTree = "<group>"; };
		B2E0F35025C7E37900796318 /* SideNavigationVCViewConfigurer.swift */ = {isa = PBXFileReference; lastKnownFileType = sourcecode.swift; path = SideNavigationVCViewConfigurer.swift; sourceTree = "<group>"; };
		B2E0F35325C7E41700796318 /* SideNavigationVCActions.swift */ = {isa = PBXFileReference; lastKnownFileType = sourcecode.swift; path = SideNavigationVCActions.swift; sourceTree = "<group>"; };
		B2E0F35625C80AA900796318 /* UIImage.swift */ = {isa = PBXFileReference; lastKnownFileType = sourcecode.swift; path = UIImage.swift; sourceTree = "<group>"; };
		B2E5F5D7212B1D0E00FC7E28 /* dleft.png */ = {isa = PBXFileReference; lastKnownFileType = image.png; path = dleft.png; sourceTree = "<group>"; };
		B2E5F5D8212B1D0F00FC7E28 /* tleft.png */ = {isa = PBXFileReference; lastKnownFileType = image.png; path = tleft.png; sourceTree = "<group>"; };
		B2E5F5D9212B1D0F00FC7E28 /* tright.png */ = {isa = PBXFileReference; lastKnownFileType = image.png; path = tright.png; sourceTree = "<group>"; };
		B2E5F5DA212B1D1000FC7E28 /* dright.png */ = {isa = PBXFileReference; lastKnownFileType = image.png; path = dright.png; sourceTree = "<group>"; };
		B2E5F5DB212B1D1100FC7E28 /* sright.png */ = {isa = PBXFileReference; lastKnownFileType = image.png; path = sright.png; sourceTree = "<group>"; };
		B2E5F5DC212B1D1100FC7E28 /* sleft.png */ = {isa = PBXFileReference; lastKnownFileType = image.png; path = sleft.png; sourceTree = "<group>"; };
		B2E5F5E7212B260C00FC7E28 /* InfoVC.swift */ = {isa = PBXFileReference; lastKnownFileType = sourcecode.swift; path = InfoVC.swift; sourceTree = "<group>"; };
		B2E5F5E9212B2C5900FC7E28 /* Utils.swift */ = {isa = PBXFileReference; lastKnownFileType = sourcecode.swift; path = Utils.swift; sourceTree = "<group>"; };
		B2E5F5EB212B2E7600FC7E28 /* Me.jpg */ = {isa = PBXFileReference; lastKnownFileType = image.jpeg; path = Me.jpg; sourceTree = "<group>"; };
		B2E5F5F1212B340D00FC7E28 /* IconCell.swift */ = {isa = PBXFileReference; lastKnownFileType = sourcecode.swift; path = IconCell.swift; sourceTree = "<group>"; };
		B2E5F5F3212B401B00FC7E28 /* RoundImage.swift */ = {isa = PBXFileReference; lastKnownFileType = sourcecode.swift; path = RoundImage.swift; sourceTree = "<group>"; };
		B2E5F5F6212B420900FC7E28 /* ShuffleExtension.swift */ = {isa = PBXFileReference; lastKnownFileType = sourcecode.swift; path = ShuffleExtension.swift; sourceTree = "<group>"; };
		B2F01E18212D3244006D6D86 /* Base */ = {isa = PBXFileReference; lastKnownFileType = image.png; name = Base; path = Base.lproj/penmic.png; sourceTree = "<group>"; };
		B2F01E1D212D3993006D6D86 /* speak_now.mp3 */ = {isa = PBXFileReference; lastKnownFileType = audio.mp3; path = speak_now.mp3; sourceTree = "<group>"; };
		B2F01E1E212D3994006D6D86 /* integrated_a.mp3 */ = {isa = PBXFileReference; lastKnownFileType = audio.mp3; path = integrated_a.mp3; sourceTree = "<group>"; };
		B2F01E1F212D3994006D6D86 /* independent.mp3 */ = {isa = PBXFileReference; lastKnownFileType = audio.mp3; path = independent.mp3; sourceTree = "<group>"; };
		B2F01E20212D3994006D6D86 /* integrated_b.mp3 */ = {isa = PBXFileReference; lastKnownFileType = audio.mp3; path = integrated_b.mp3; sourceTree = "<group>"; };
		B2F01E25212D8C44006D6D86 /* Toast.swift */ = {isa = PBXFileReference; lastKnownFileType = sourcecode.swift; path = Toast.swift; sourceTree = "<group>"; };
		B2F0300825B59D0B004A791D /* SideNavAdsSaver.swift */ = {isa = PBXFileReference; lastKnownFileType = sourcecode.swift; path = SideNavAdsSaver.swift; sourceTree = "<group>"; };
		B2F0300B25B5C261004A791D /* SideNavAdsTableViewCell.swift */ = {isa = PBXFileReference; lastKnownFileType = sourcecode.swift; path = SideNavAdsTableViewCell.swift; sourceTree = "<group>"; };
		B2F0300E25B5C9E4004A791D /* VersionInfoView.swift */ = {isa = PBXFileReference; lastKnownFileType = sourcecode.swift; path = VersionInfoView.swift; sourceTree = "<group>"; };
		B2F0301125B5CCD3004A791D /* UIFonts.swift */ = {isa = PBXFileReference; lastKnownFileType = sourcecode.swift; path = UIFonts.swift; sourceTree = "<group>"; };
		B2F0301425B5CDAA004A791D /* ExternalLinks.swift */ = {isa = PBXFileReference; lastKnownFileType = sourcecode.swift; path = ExternalLinks.swift; sourceTree = "<group>"; };
		B2F0301725B5D233004A791D /* UIViewEdgeBordersExtension.swift */ = {isa = PBXFileReference; lastKnownFileType = sourcecode.swift; path = UIViewEdgeBordersExtension.swift; sourceTree = "<group>"; };
		B2F0301A25B5D7B8004A791D /* SideNavNoticesTableViewCell.swift */ = {isa = PBXFileReference; lastKnownFileType = sourcecode.swift; path = SideNavNoticesTableViewCell.swift; sourceTree = "<group>"; };
		B2F0304425B6D751004A791D /* SideNavNoticeCollectionViewCell.swift */ = {isa = PBXFileReference; lastKnownFileType = sourcecode.swift; path = SideNavNoticeCollectionViewCell.swift; sourceTree = "<group>"; };
		B2F0305925B6DF73004A791D /* NoticeStructure.swift */ = {isa = PBXFileReference; lastKnownFileType = sourcecode.swift; path = NoticeStructure.swift; sourceTree = "<group>"; };
		B2FFE74321438AE600484AFA /* SectionHeader.xib */ = {isa = PBXFileReference; lastKnownFileType = file.xib; path = SectionHeader.xib; sourceTree = "<group>"; };
		B2FFE74521438C7B00484AFA /* SectionHeader.swift */ = {isa = PBXFileReference; lastKnownFileType = sourcecode.swift; path = SectionHeader.swift; sourceTree = "<group>"; };
		B47960409B4B75DC35695E1D /* Pods-TOEFL-Speaking.release.xcconfig */ = {isa = PBXFileReference; includeInIndex = 1; lastKnownFileType = text.xcconfig; name = "Pods-TOEFL-Speaking.release.xcconfig"; path = "Pods/Target Support Files/Pods-TOEFL-Speaking/Pods-TOEFL-Speaking.release.xcconfig"; sourceTree = "<group>"; };
/* End PBXFileReference section */

/* Begin PBXFrameworksBuildPhase section */
		B21ABB1C210FF664009C678C /* Frameworks */ = {
			isa = PBXFrameworksBuildPhase;
			buildActionMask = 2147483647;
			files = (
				84FF2EE76F526D2EEB5D78D0 /* Pods_Speech_Drill.framework in Frameworks */,
			);
			runOnlyForDeploymentPostprocessing = 0;
		};
/* End PBXFrameworksBuildPhase section */

/* Begin PBXGroup section */
		9F8DF12821157B0A13C38B8E /* Frameworks */ = {
			isa = PBXGroup;
			children = (
				7F7944DA8AFEC25230A555F0 /* Pods_TOEFL_Speaking.framework */,
				B004704A17CB4927208EC40B /* Pods_Speech_Drill.framework */,
			);
			name = Frameworks;
			sourceTree = "<group>";
		};
		B204ECAE211349FE00A51E8B /* Custom Class */ = {
			isa = PBXGroup;
			children = (
				B2BBE30725B402D30054DE1F /* SideNav */,
				B269D34925AC58630025E1DE /* Discussions */,
				B204ECAF21134A2200A51E8B /* RecordingCell.swift */,
				B2FFE74521438C7B00484AFA /* SectionHeader.swift */,
				B2E5F5F1212B340D00FC7E28 /* IconCell.swift */,
				B2F01E25212D8C44006D6D86 /* Toast.swift */,
				B2DB3F222148EE72000DD50E /* ProgressBar.swift */,
			);
			path = "Custom Class";
			sourceTree = "<group>";
		};
		B21ABB16210FF664009C678C = {
			isa = PBXGroup;
			children = (
				B21ABB21210FF664009C678C /* Speech-Drill */,
				B21ABB20210FF664009C678C /* Products */,
				C2DE69F64CE1AF011AEF432A /* Pods */,
				9F8DF12821157B0A13C38B8E /* Frameworks */,
			);
			sourceTree = "<group>";
		};
		B21ABB20210FF664009C678C /* Products */ = {
			isa = PBXGroup;
			children = (
				B21ABB1F210FF664009C678C /* Speech-Drill.app */,
			);
			name = Products;
			sourceTree = "<group>";
		};
		B21ABB21210FF664009C678C /* Speech-Drill */ = {
			isa = PBXGroup;
			children = (
				B2B3C66225BB106F00DC9B86 /* Speech-Drill.entitlements */,
				B2BBE2B125AF50D10054DE1F /* Model */,
				B2418C19215EA67C0020E078 /* Animation Controller */,
				B2DAB65D21285C780062ECDF /* Extension */,
				B2DAB65421285C470062ECDF /* Image Assets */,
				B23F5FEA211EFA68006034EC /* Assets */,
				B27F31372122025F00872047 /* Controller */,
				B204ECAE211349FE00A51E8B /* Custom Class */,
				B21ABB35210FFA19009C678C /* Custom View */,
				B23F7F0E21483A94009B6ECA /* Constants */,
				B27F31382122027700872047 /* Utils */,
				B21ABB2E210FF664009C678C /* Info.plist */,
				B206B6152160D39F00B1CCBA /* GoogleService-Info.plist */,
				B2FFE74321438AE600484AFA /* SectionHeader.xib */,
				B21ABB26210FF664009C678C /* Main.storyboard */,
				B21ABB2B210FF664009C678C /* LaunchScreen.storyboard */,
				B21ABB29210FF664009C678C /* Assets.xcassets */,
			);
			path = "Speech-Drill";
			sourceTree = "<group>";
		};
		B21ABB35210FFA19009C678C /* Custom View */ = {
			isa = PBXGroup;
			children = (
				B22F8FC3214922EF00B05A87 /* RoundBorderedBtn.swift */,
				B22C81362114133300104E02 /* RoundButton.swift */,
				B25F80C7211F667500AD786C /* RoundLabel.swift */,
				B2E5F5F3212B401B00FC7E28 /* RoundImage.swift */,
				B2ACC672212D0E16009AE30D /* RoundedImage.swift */,
				B2BF9F07214009820015F330 /* Pulsing.swift */,
			);
			path = "Custom View";
			sourceTree = "<group>";
		};
		B23F5FEA211EFA68006034EC /* Assets */ = {
			isa = PBXGroup;
			children = (
				B22C813A2114366E00104E02 /* topics.csv */,
				B2F01E1F212D3994006D6D86 /* independent.mp3 */,
				B2F01E1E212D3994006D6D86 /* integrated_a.mp3 */,
				B2F01E20212D3994006D6D86 /* integrated_b.mp3 */,
				B2F01E1D212D3993006D6D86 /* speak_now.mp3 */,
				B25F80C3211F5B0700AD786C /* beep1.m4a */,
				B25F80C5211F5BAA00AD786C /* beep2.m4a */,
			);
			path = Assets;
			sourceTree = "<group>";
		};
		B23F7F0E21483A94009B6ECA /* Constants */ = {
			isa = PBXGroup;
			children = (
				B23F7F0F21483AA6009B6ECA /* UIColors.swift */,
				B23F7F1121483AD1009B6ECA /* UIIcons.swift */,
				B23F7F1321483B02009B6ECA /* IDs.swift */,
				B23F7F1521483BA5009B6ECA /* UIConstraints.swift */,
				B25F80B8211F4F3200AD786C /* Enums.swift */,
				B26DEB9E2161556D006FE754 /* SceenType.swift */,
				B2D70CB32164A7520003232D /* AnalyticsEvents.swift */,
				B269D3A825ADB9EB0025E1DE /* FirebaseReferences.swift */,
				B2BBE29C25AF46000054DE1F /* DictionaryKeys.swift */,
				B2BBE2C725B18DAD0054DE1F /* NotificationNames.swift */,
				B2F0301125B5CCD3004A791D /* UIFonts.swift */,
				B2F0301425B5CDAA004A791D /* ExternalLinks.swift */,
			);
			path = Constants;
			sourceTree = "<group>";
		};
		B2418C19215EA67C0020E078 /* Animation Controller */ = {
			isa = PBXGroup;
			children = (
				B2418C1A215EA6A30020E078 /* RevealSideNav.swift */,
				B26A36BC215ECE3C00628EC9 /* HideSideNav.swift */,
				B206B61121609CA700B1CCBA /* SlideInVC.swift */,
			);
			path = "Animation Controller";
			sourceTree = "<group>";
		};
		B269D34925AC58630025E1DE /* Discussions */ = {
			isa = PBXGroup;
			children = (
				B269D34A25AC58B00025E1DE /* UserCountryUIView.swift */,
				B269D34E25AC5B410025E1DE /* UserCountryCell.swift */,
				B269D3AB25ADEE650025E1DE /* DiscussionsMessageBox.swift */,
				B2BBE29625AEF1DD0054DE1F /* DiscussionChatView.swift */,
				B2BBE29925AEF5BD0054DE1F /* DiscussionChatMessageCell.swift */,
			);
			path = Discussions;
			sourceTree = "<group>";
		};
		B27F31372122025F00872047 /* Controller */ = {
			isa = PBXGroup;
			children = (
				B2E0F34C25C7E31500796318 /* SideNavigationController */,
				B2E0F33E25C7DF4F00796318 /* DiscussionsViewController */,
				B2E0F32625C7D40500796318 /* MainViewController */,
				B2E5F5E7212B260C00FC7E28 /* InfoVC.swift */,
				B2B3C66925BD579000DC9B86 /* SlidingNavigationController.swift */,
			);
			path = Controller;
			sourceTree = "<group>";
		};
		B27F31382122027700872047 /* Utils */ = {
			isa = PBXGroup;
			children = (
				B2BC4A39213C55E800EDEB74 /* RecordingsMerger.swift */,
				B2BC4A37213C535E00EDEB74 /* IconMaker.swift */,
				B2E5F5E9212B2C5900FC7E28 /* Utils.swift */,
				B26C1B36212C8FDE0015795C /* CentralAudioPlayer.swift */,
				B21ABB22210FF664009C678C /* AppDelegate.swift */,
				B2418C1C215EAC490020E078 /* Interactor.swift */,
				B2418C1E215EACDA0020E078 /* MenuHelper.swift */,
				B269D3A525ACB7720025E1DE /* UserLocationHelper.swift */,
				B2BBE36525B498DF0054DE1F /* KeyboardObserver.swift */,
				B2F0300825B59D0B004A791D /* SideNavAdsSaver.swift */,
				B2E0F32225C5555F00796318 /* UserInfoHelper.swift */,
			);
			path = Utils;
			sourceTree = "<group>";
		};
		B2BBE2B125AF50D10054DE1F /* Model */ = {
			isa = PBXGroup;
			children = (
				B2BBE2B225AF50E90054DE1F /* DiscussionMessage.swift */,
				B2BBE30E25B406750054DE1F /* SideNavMenuItemStruct.swift */,
				B2BBE31125B4096B0054DE1F /* SideNavAdStructure.swift */,
				B2F0305925B6DF73004A791D /* NoticeStructure.swift */,
				B2E0F31F25C532A400796318 /* UserInfoStruct.swift */,
			);
			path = Model;
			sourceTree = "<group>";
		};
		B2BBE30725B402D30054DE1F /* SideNav */ = {
			isa = PBXGroup;
			children = (
				B2BBE30825B402E90054DE1F /* SideNavMenuItemCell.swift */,
				B2BBE31425B40F4C0054DE1F /* SideNavAdCell.swift */,
				B2F0300B25B5C261004A791D /* SideNavAdsTableViewCell.swift */,
				B2F0300E25B5C9E4004A791D /* VersionInfoView.swift */,
				B2F0301A25B5D7B8004A791D /* SideNavNoticesTableViewCell.swift */,
				B2F0304425B6D751004A791D /* SideNavNoticeCollectionViewCell.swift */,
			);
			path = SideNav;
			sourceTree = "<group>";
		};
		B2DAB65421285C470062ECDF /* Image Assets */ = {
			isa = PBXGroup;
			children = (
				B2D70CB7216506E70003232D /* bars.png */,
				B26DEB9A21613272006FE754 /* gogenius.png */,
				B232A5662142207400417DA5 /* logo.png */,
				B2BBE31725B4118C0054DE1F /* no-image.png */,
				B2F01E19212D3244006D6D86 /* penmic.png */,
				B2ACC676212D0F58009AE30D /* blackbg.jpg */,
				B2E5F5EB212B2E7600FC7E28 /* Me.jpg */,
				B2BBE30425B36B5A0054DE1F /* discussions.png */,
				B2E5F5D7212B1D0E00FC7E28 /* dleft.png */,
				B2E5F5DA212B1D1000FC7E28 /* dright.png */,
				B2E5F5DC212B1D1100FC7E28 /* sleft.png */,
				B2E5F5DB212B1D1100FC7E28 /* sright.png */,
				B2E5F5D8212B1D0F00FC7E28 /* tleft.png */,
				B2E5F5D9212B1D0F00FC7E28 /* tright.png */,
			);
			path = "Image Assets";
			sourceTree = "<group>";
		};
		B2DAB65D21285C780062ECDF /* Extension */ = {
			isa = PBXGroup;
			children = (
				B2E5F5F6212B420900FC7E28 /* ShuffleExtension.swift */,
				B2BBE2B525B023630054DE1F /* EncodableExtension.swift */,
				B2BBE2B825B024010054DE1F /* DataExtension.swift */,
				B2BBE2BB25B0243E0054DE1F /* SequenceExtension.swift */,
				B2BBE2C325B16B050054DE1F /* UITableViewExtension.swift */,
				B2F0301725B5D233004A791D /* UIViewEdgeBordersExtension.swift */,
				B2E0F31C25C46C7400796318 /* UIScrollView.swift */,
				B2E0F35625C80AA900796318 /* UIImage.swift */,
				B221BED125CC31FD00C7F40E /* SafeArrayExtension.swift */,
				B221BED425CD8A8800C7F40E /* DateTimeIntervalExtension.swift */,
			);
			path = Extension;
			sourceTree = "<group>";
		};
		B2E0F32625C7D40500796318 /* MainViewController */ = {
			isa = PBXGroup;
			children = (
				B21ABB24210FF664009C678C /* MainVC.swift */,
				B2E0F32725C7D42000796318 /* MainVCTableView.swift */,
				B2E0F32B25C7D7B700796318 /* MainVCExportMenu.swift */,
				B2E0F32E25C7D80800796318 /* MainVCAudioRecorder.swift */,
				B2E0F33125C7D89B00796318 /* MainVCCallHelper.swift */,
				B2E0F33525C7DC6600796318 /* MainVCUtilityFunctions.swift */,
				B2E0F33825C7DD1F00796318 /* MainVCActions.swift */,
				B2E0F33B25C7DE4400796318 /* MainVCViewConfigurer.swift */,
			);
			path = MainViewController;
			sourceTree = "<group>";
		};
		B2E0F33E25C7DF4F00796318 /* DiscussionsViewController */ = {
			isa = PBXGroup;
			children = (
				B269D32C25AC11480025E1DE /* DiscussionsViewController.swift */,
				B2E0F33F25C7DF7300796318 /* DiscussionsVCKeyboardHandler.swift */,
				B2E0F34225C7E0A100796318 /* DiscussionsVCLoginHandler.swift */,
				B2E0F34525C7E17900796318 /* DiscussionsVCViewConfigurer.swift */,
				B2E0F34825C7E1F400796318 /* DiscussionsVCActions.swift */,
			);
			path = DiscussionsViewController;
			sourceTree = "<group>";
		};
		B2E0F34C25C7E31500796318 /* SideNavigationController */ = {
			isa = PBXGroup;
			children = (
				B2B3C66625BD49F000DC9B86 /* SideNavigationController.swift */,
				B2E0F34D25C7E33A00796318 /* SideNavigationVCTableView.swift */,
				B2E0F35025C7E37900796318 /* SideNavigationVCViewConfigurer.swift */,
				B2E0F35325C7E41700796318 /* SideNavigationVCActions.swift */,
			);
			path = SideNavigationController;
			sourceTree = "<group>";
		};
		C2DE69F64CE1AF011AEF432A /* Pods */ = {
			isa = PBXGroup;
			children = (
				1F2AD09C9611AD51D31B8DC1 /* Pods-TOEFL-Speaking.debug.xcconfig */,
				B47960409B4B75DC35695E1D /* Pods-TOEFL-Speaking.release.xcconfig */,
				0BECC3C4456E730C500DAC85 /* Pods-Speech-Drill.debug.xcconfig */,
				77D0B60F9E79CA2CAB235FD0 /* Pods-Speech-Drill.release.xcconfig */,
			);
			name = Pods;
			sourceTree = "<group>";
		};
/* End PBXGroup section */

/* Begin PBXNativeTarget section */
		B21ABB1E210FF664009C678C /* Speech-Drill */ = {
			isa = PBXNativeTarget;
			buildConfigurationList = B21ABB31210FF664009C678C /* Build configuration list for PBXNativeTarget "Speech-Drill" */;
			buildPhases = (
				D5CDA80B74DFF63E0CD2E475 /* [CP] Check Pods Manifest.lock */,
				B21ABB1B210FF664009C678C /* Sources */,
				B21ABB1C210FF664009C678C /* Frameworks */,
				B21ABB1D210FF664009C678C /* Resources */,
				B21ABB34210FF673009C678C /* Increment Build */,
				C5348A6DF832E98BE42079CE /* [CP] Embed Pods Frameworks */,
				A4BA0DC1BA421F9958E67B89 /* [CP] Copy Pods Resources */,
			);
			buildRules = (
			);
			dependencies = (
			);
			name = "Speech-Drill";
			productName = "TOEFL Speaking";
			productReference = B21ABB1F210FF664009C678C /* Speech-Drill.app */;
			productType = "com.apple.product-type.application";
		};
/* End PBXNativeTarget section */

/* Begin PBXProject section */
		B21ABB17210FF664009C678C /* Project object */ = {
			isa = PBXProject;
			attributes = {
				LastSwiftUpdateCheck = 0940;
				LastUpgradeCheck = 0940;
				ORGANIZATIONNAME = "Parth Tamane";
				TargetAttributes = {
					B21ABB1E210FF664009C678C = {
						CreatedOnToolsVersion = 9.4.1;
					};
				};
			};
			buildConfigurationList = B21ABB1A210FF664009C678C /* Build configuration list for PBXProject "Speech-Drill" */;
			compatibilityVersion = "Xcode 9.3";
			developmentRegion = en;
			hasScannedForEncodings = 0;
			knownRegions = (
				en,
				Base,
			);
			mainGroup = B21ABB16210FF664009C678C;
			productRefGroup = B21ABB20210FF664009C678C /* Products */;
			projectDirPath = "";
			projectRoot = "";
			targets = (
				B21ABB1E210FF664009C678C /* Speech-Drill */,
			);
		};
/* End PBXProject section */

/* Begin PBXResourcesBuildPhase section */
		B21ABB1D210FF664009C678C /* Resources */ = {
			isa = PBXResourcesBuildPhase;
			buildActionMask = 2147483647;
			files = (
				B2F01E22212D3994006D6D86 /* integrated_a.mp3 in Resources */,
				B2F01E24212D3994006D6D86 /* integrated_b.mp3 in Resources */,
				B2E5F5DD212B1D1200FC7E28 /* dleft.png in Resources */,
				B25F80C4211F5B0700AD786C /* beep1.m4a in Resources */,
				B22C813B2114366E00104E02 /* topics.csv in Resources */,
				B21ABB2D210FF664009C678C /* LaunchScreen.storyboard in Resources */,
				B21ABB2A210FF664009C678C /* Assets.xcassets in Resources */,
				B2E5F5DF212B1D1200FC7E28 /* tright.png in Resources */,
				B25F80C6211F5BAA00AD786C /* beep2.m4a in Resources */,
				B2BBE31825B4118C0054DE1F /* no-image.png in Resources */,
				B2E5F5EC212B2E7600FC7E28 /* Me.jpg in Resources */,
				B2ACC677212D0F59009AE30D /* blackbg.jpg in Resources */,
				B2E5F5E2212B1D1200FC7E28 /* sleft.png in Resources */,
				B232A5672142207400417DA5 /* logo.png in Resources */,
				B2F01E17212D3244006D6D86 /* penmic.png in Resources */,
				B2FFE74421438AE600484AFA /* SectionHeader.xib in Resources */,
				B2BBE30525B36B5A0054DE1F /* discussions.png in Resources */,
				B2F01E23212D3994006D6D86 /* independent.mp3 in Resources */,
				B2E5F5E0212B1D1200FC7E28 /* dright.png in Resources */,
				B2F01E21212D3994006D6D86 /* speak_now.mp3 in Resources */,
				B2E5F5DE212B1D1200FC7E28 /* tleft.png in Resources */,
				B2E5F5E1212B1D1200FC7E28 /* sright.png in Resources */,
				B21ABB28210FF664009C678C /* Main.storyboard in Resources */,
				B206B6162160D39F00B1CCBA /* GoogleService-Info.plist in Resources */,
			);
			runOnlyForDeploymentPostprocessing = 0;
		};
/* End PBXResourcesBuildPhase section */

/* Begin PBXShellScriptBuildPhase section */
		A4BA0DC1BA421F9958E67B89 /* [CP] Copy Pods Resources */ = {
			isa = PBXShellScriptBuildPhase;
			buildActionMask = 2147483647;
			files = (
			);
			inputFileListPaths = (
				"${PODS_ROOT}/Target Support Files/Pods-Speech-Drill/Pods-Speech-Drill-resources-${CONFIGURATION}-input-files.xcfilelist",
			);
			name = "[CP] Copy Pods Resources";
			outputFileListPaths = (
				"${PODS_ROOT}/Target Support Files/Pods-Speech-Drill/Pods-Speech-Drill-resources-${CONFIGURATION}-output-files.xcfilelist",
			);
			runOnlyForDeploymentPostprocessing = 0;
			shellPath = /bin/sh;
			shellScript = "\"${PODS_ROOT}/Target Support Files/Pods-Speech-Drill/Pods-Speech-Drill-resources.sh\"\n";
			showEnvVarsInLog = 0;
		};
		B21ABB34210FF673009C678C /* Increment Build */ = {
			isa = PBXShellScriptBuildPhase;
			buildActionMask = 12;
			files = (
			);
			inputPaths = (
			);
			name = "Increment Build";
			outputPaths = (
			);
			runOnlyForDeploymentPostprocessing = 0;
			shellPath = /bin/bash;
			shellScript = "#!/bin/bash\nbuildNumber=$(/usr/libexec/PlistBuddy -c \"Print CFBundleVersion\" \"$INFOPLIST_FILE\")\nbuildNumber=$(echo $buildNumber | sed 's/0*//')\nbuildNumber=$(($buildNumber + 1))\nbuildNumber=$(printf \"%04d\" $buildNumber)\n/usr/libexec/PlistBuddy -c \"Set :CFBundleVersion $buildNumber\" \"$INFOPLIST_FILE\"\n";
		};
		C5348A6DF832E98BE42079CE /* [CP] Embed Pods Frameworks */ = {
			isa = PBXShellScriptBuildPhase;
			buildActionMask = 2147483647;
			files = (
			);
			inputFileListPaths = (
				"${PODS_ROOT}/Target Support Files/Pods-Speech-Drill/Pods-Speech-Drill-frameworks-${CONFIGURATION}-input-files.xcfilelist",
			);
			name = "[CP] Embed Pods Frameworks";
			outputFileListPaths = (
				"${PODS_ROOT}/Target Support Files/Pods-Speech-Drill/Pods-Speech-Drill-frameworks-${CONFIGURATION}-output-files.xcfilelist",
			);
			runOnlyForDeploymentPostprocessing = 0;
			shellPath = /bin/sh;
			shellScript = "\"${PODS_ROOT}/Target Support Files/Pods-Speech-Drill/Pods-Speech-Drill-frameworks.sh\"\n";
			showEnvVarsInLog = 0;
		};
		D5CDA80B74DFF63E0CD2E475 /* [CP] Check Pods Manifest.lock */ = {
			isa = PBXShellScriptBuildPhase;
			buildActionMask = 2147483647;
			files = (
			);
			inputPaths = (
				"${PODS_PODFILE_DIR_PATH}/Podfile.lock",
				"${PODS_ROOT}/Manifest.lock",
			);
			name = "[CP] Check Pods Manifest.lock";
			outputPaths = (
				"$(DERIVED_FILE_DIR)/Pods-Speech-Drill-checkManifestLockResult.txt",
			);
			runOnlyForDeploymentPostprocessing = 0;
			shellPath = /bin/sh;
			shellScript = "diff \"${PODS_PODFILE_DIR_PATH}/Podfile.lock\" \"${PODS_ROOT}/Manifest.lock\" > /dev/null\nif [ $? != 0 ] ; then\n    # print error to STDERR\n    echo \"error: The sandbox is not in sync with the Podfile.lock. Run 'pod install' or update your CocoaPods installation.\" >&2\n    exit 1\nfi\n# This output is used by Xcode 'outputs' to avoid re-running this script phase.\necho \"SUCCESS\" > \"${SCRIPT_OUTPUT_FILE_0}\"\n";
			showEnvVarsInLog = 0;
		};
/* End PBXShellScriptBuildPhase section */

/* Begin PBXSourcesBuildPhase section */
		B21ABB1B210FF664009C678C /* Sources */ = {
			isa = PBXSourcesBuildPhase;
			buildActionMask = 2147483647;
			files = (
				B2B3C66725BD49F000DC9B86 /* SideNavigationController.swift in Sources */,
				B22C81372114133300104E02 /* RoundButton.swift in Sources */,
				B206B61221609CA700B1CCBA /* SlideInVC.swift in Sources */,
				B221BED225CC31FD00C7F40E /* SafeArrayExtension.swift in Sources */,
				B2E0F35425C7E41700796318 /* SideNavigationVCActions.swift in Sources */,
				B2E5F5E8212B260C00FC7E28 /* InfoVC.swift in Sources */,
				B2E0F33C25C7DE4400796318 /* MainVCViewConfigurer.swift in Sources */,
				B2BC4A38213C535E00EDEB74 /* IconMaker.swift in Sources */,
				B269D34F25AC5B410025E1DE /* UserCountryCell.swift in Sources */,
				B21ABB25210FF664009C678C /* MainVC.swift in Sources */,
				B2BC4A3A213C55E800EDEB74 /* RecordingsMerger.swift in Sources */,
				B221BED525CD8A8900C7F40E /* DateTimeIntervalExtension.swift in Sources */,
				B2F0300F25B5C9E4004A791D /* VersionInfoView.swift in Sources */,
				B21ABB23210FF664009C678C /* AppDelegate.swift in Sources */,
				B2E5F5F2212B340D00FC7E28 /* IconCell.swift in Sources */,
				B23F7F1421483B02009B6ECA /* IDs.swift in Sources */,
				B2DB3F232148EE72000DD50E /* ProgressBar.swift in Sources */,
				B2E0F35125C7E37900796318 /* SideNavigationVCViewConfigurer.swift in Sources */,
				B204ECB021134A2200A51E8B /* RecordingCell.swift in Sources */,
				B2E0F32825C7D42000796318 /* MainVCTableView.swift in Sources */,
				B2BBE31525B40F4C0054DE1F /* SideNavAdCell.swift in Sources */,
				B26A36BD215ECE3C00628EC9 /* HideSideNav.swift in Sources */,
				B2BBE36625B498DF0054DE1F /* KeyboardObserver.swift in Sources */,
				B2BBE30F25B406750054DE1F /* SideNavMenuItemStruct.swift in Sources */,
				B2E5F5F7212B420900FC7E28 /* ShuffleExtension.swift in Sources */,
				B2E0F34E25C7E33A00796318 /* SideNavigationVCTableView.swift in Sources */,
				B2D70CB42164A7520003232D /* AnalyticsEvents.swift in Sources */,
				B2BBE30925B402EA0054DE1F /* SideNavMenuItemCell.swift in Sources */,
				B2E0F32C25C7D7B700796318 /* MainVCExportMenu.swift in Sources */,
				B2E0F31D25C46C7400796318 /* UIScrollView.swift in Sources */,
				B2E0F34625C7E17900796318 /* DiscussionsVCViewConfigurer.swift in Sources */,
				B2BBE2B325AF50E90054DE1F /* DiscussionMessage.swift in Sources */,
				B2E0F34025C7DF7300796318 /* DiscussionsVCKeyboardHandler.swift in Sources */,
				B2BF9F08214009820015F330 /* Pulsing.swift in Sources */,
				B2F0300925B59D0B004A791D /* SideNavAdsSaver.swift in Sources */,
				B269D3A925ADB9EB0025E1DE /* FirebaseReferences.swift in Sources */,
				B2418C1D215EAC490020E078 /* Interactor.swift in Sources */,
				B2E0F33925C7DD1F00796318 /* MainVCActions.swift in Sources */,
				B2F0305A25B6DF73004A791D /* NoticeStructure.swift in Sources */,
				B2E0F33225C7D89B00796318 /* MainVCCallHelper.swift in Sources */,
				B2F0300C25B5C261004A791D /* SideNavAdsTableViewCell.swift in Sources */,
				B25F80B9211F4F3200AD786C /* Enums.swift in Sources */,
				B2F0301525B5CDAA004A791D /* ExternalLinks.swift in Sources */,
				B2E0F35725C80AA900796318 /* UIImage.swift in Sources */,
				B2E0F32F25C7D80800796318 /* MainVCAudioRecorder.swift in Sources */,
				B2418C1B215EA6A30020E078 /* RevealSideNav.swift in Sources */,
				B22F8FC4214922EF00B05A87 /* RoundBorderedBtn.swift in Sources */,
				B25F80C8211F667500AD786C /* RoundLabel.swift in Sources */,
				B2BBE29D25AF46000054DE1F /* DictionaryKeys.swift in Sources */,
				B2F0301825B5D233004A791D /* UIViewEdgeBordersExtension.swift in Sources */,
				B2F0301225B5CCD3004A791D /* UIFonts.swift in Sources */,
				B2B3C66A25BD579000DC9B86 /* SlidingNavigationController.swift in Sources */,
				B2F0304525B6D751004A791D /* SideNavNoticeCollectionViewCell.swift in Sources */,
				B2BBE2B925B024010054DE1F /* DataExtension.swift in Sources */,
				B2E5F5F4212B401B00FC7E28 /* RoundImage.swift in Sources */,
				B2BBE2C825B18DAD0054DE1F /* NotificationNames.swift in Sources */,
				B2BBE2C425B16B050054DE1F /* UITableViewExtension.swift in Sources */,
				B2E0F34925C7E1F400796318 /* DiscussionsVCActions.swift in Sources */,
				B2BBE2BC25B0243E0054DE1F /* SequenceExtension.swift in Sources */,
				B2E0F33625C7DC6600796318 /* MainVCUtilityFunctions.swift in Sources */,
				B2FFE74621438C7B00484AFA /* SectionHeader.swift in Sources */,
				B2418C1F215EACDA0020E078 /* MenuHelper.swift in Sources */,
				B23F7F1021483AA6009B6ECA /* UIColors.swift in Sources */,
				B2BBE29A25AEF5BD0054DE1F /* DiscussionChatMessageCell.swift in Sources */,
				B2F0301B25B5D7B8004A791D /* SideNavNoticesTableViewCell.swift in Sources */,
				B2ACC673212D0E16009AE30D /* RoundedImage.swift in Sources */,
				B2E0F32025C532A400796318 /* UserInfoStruct.swift in Sources */,
				B26DEB9F2161556D006FE754 /* SceenType.swift in Sources */,
				B2E5F5EA212B2C5900FC7E28 /* Utils.swift in Sources */,
				B2E0F32325C5555F00796318 /* UserInfoHelper.swift in Sources */,
				B2E0F34325C7E0A100796318 /* DiscussionsVCLoginHandler.swift in Sources */,
				B23F7F1621483BA5009B6ECA /* UIConstraints.swift in Sources */,
				B269D3AC25ADEE650025E1DE /* DiscussionsMessageBox.swift in Sources */,
				B26C1B37212C8FDE0015795C /* CentralAudioPlayer.swift in Sources */,
				B2BBE2B625B023630054DE1F /* EncodableExtension.swift in Sources */,
				B23F7F1221483AD1009B6ECA /* UIIcons.swift in Sources */,
				B2F01E26212D8C44006D6D86 /* Toast.swift in Sources */,
				B2BBE31225B4096B0054DE1F /* SideNavAdStructure.swift in Sources */,
				B269D34B25AC58B00025E1DE /* UserCountryUIView.swift in Sources */,
				B269D32D25AC11480025E1DE /* DiscussionsViewController.swift in Sources */,
				B269D3A625ACB7720025E1DE /* UserLocationHelper.swift in Sources */,
				B2BBE29725AEF1DD0054DE1F /* DiscussionChatView.swift in Sources */,
			);
			runOnlyForDeploymentPostprocessing = 0;
		};
/* End PBXSourcesBuildPhase section */

/* Begin PBXVariantGroup section */
		B21ABB26210FF664009C678C /* Main.storyboard */ = {
			isa = PBXVariantGroup;
			children = (
				B21ABB27210FF664009C678C /* Base */,
			);
			name = Main.storyboard;
			sourceTree = "<group>";
		};
		B21ABB2B210FF664009C678C /* LaunchScreen.storyboard */ = {
			isa = PBXVariantGroup;
			children = (
				B21ABB2C210FF664009C678C /* Base */,
			);
			name = LaunchScreen.storyboard;
			sourceTree = "<group>";
		};
		B2F01E19212D3244006D6D86 /* penmic.png */ = {
			isa = PBXVariantGroup;
			children = (
				B2F01E18212D3244006D6D86 /* Base */,
			);
			name = penmic.png;
			sourceTree = SOURCE_ROOT;
		};
/* End PBXVariantGroup section */

/* Begin XCBuildConfiguration section */
		B21ABB2F210FF664009C678C /* Debug */ = {
			isa = XCBuildConfiguration;
			buildSettings = {
				ALWAYS_SEARCH_USER_PATHS = NO;
				CLANG_ANALYZER_NONNULL = YES;
				CLANG_ANALYZER_NUMBER_OBJECT_CONVERSION = YES_AGGRESSIVE;
				CLANG_CXX_LANGUAGE_STANDARD = "gnu++14";
				CLANG_CXX_LIBRARY = "libc++";
				CLANG_ENABLE_MODULES = YES;
				CLANG_ENABLE_OBJC_ARC = YES;
				CLANG_ENABLE_OBJC_WEAK = YES;
				CLANG_WARN_BLOCK_CAPTURE_AUTORELEASING = YES;
				CLANG_WARN_BOOL_CONVERSION = YES;
				CLANG_WARN_COMMA = YES;
				CLANG_WARN_CONSTANT_CONVERSION = YES;
				CLANG_WARN_DEPRECATED_OBJC_IMPLEMENTATIONS = YES;
				CLANG_WARN_DIRECT_OBJC_ISA_USAGE = YES_ERROR;
				CLANG_WARN_DOCUMENTATION_COMMENTS = YES;
				CLANG_WARN_EMPTY_BODY = YES;
				CLANG_WARN_ENUM_CONVERSION = YES;
				CLANG_WARN_INFINITE_RECURSION = YES;
				CLANG_WARN_INT_CONVERSION = YES;
				CLANG_WARN_NON_LITERAL_NULL_CONVERSION = YES;
				CLANG_WARN_OBJC_IMPLICIT_RETAIN_SELF = YES;
				CLANG_WARN_OBJC_LITERAL_CONVERSION = YES;
				CLANG_WARN_OBJC_ROOT_CLASS = YES_ERROR;
				CLANG_WARN_RANGE_LOOP_ANALYSIS = YES;
				CLANG_WARN_STRICT_PROTOTYPES = YES;
				CLANG_WARN_SUSPICIOUS_MOVE = YES;
				CLANG_WARN_UNGUARDED_AVAILABILITY = YES_AGGRESSIVE;
				CLANG_WARN_UNREACHABLE_CODE = YES;
				CLANG_WARN__DUPLICATE_METHOD_MATCH = YES;
				CODE_SIGN_IDENTITY = "iPhone Developer";
				COPY_PHASE_STRIP = NO;
				DEBUG_INFORMATION_FORMAT = dwarf;
				ENABLE_STRICT_OBJC_MSGSEND = YES;
				ENABLE_TESTABILITY = YES;
				GCC_C_LANGUAGE_STANDARD = gnu11;
				GCC_DYNAMIC_NO_PIC = NO;
				GCC_NO_COMMON_BLOCKS = YES;
				GCC_OPTIMIZATION_LEVEL = 0;
				GCC_PREPROCESSOR_DEFINITIONS = (
					"DEBUG=1",
					"$(inherited)",
				);
				GCC_WARN_64_TO_32_BIT_CONVERSION = YES;
				GCC_WARN_ABOUT_RETURN_TYPE = YES_ERROR;
				GCC_WARN_UNDECLARED_SELECTOR = YES;
				GCC_WARN_UNINITIALIZED_AUTOS = YES_AGGRESSIVE;
				GCC_WARN_UNUSED_FUNCTION = YES;
				GCC_WARN_UNUSED_VARIABLE = YES;
				INFOPLIST_FILE = "";
				IPHONEOS_DEPLOYMENT_TARGET = 11.0;
				MTL_ENABLE_DEBUG_INFO = YES;
				ONLY_ACTIVE_ARCH = YES;
				SDKROOT = iphoneos;
				SWIFT_ACTIVE_COMPILATION_CONDITIONS = DEBUG;
				SWIFT_OPTIMIZATION_LEVEL = "-Onone";
			};
			name = Debug;
		};
		B21ABB30210FF664009C678C /* Release */ = {
			isa = XCBuildConfiguration;
			buildSettings = {
				ALWAYS_SEARCH_USER_PATHS = NO;
				CLANG_ANALYZER_NONNULL = YES;
				CLANG_ANALYZER_NUMBER_OBJECT_CONVERSION = YES_AGGRESSIVE;
				CLANG_CXX_LANGUAGE_STANDARD = "gnu++14";
				CLANG_CXX_LIBRARY = "libc++";
				CLANG_ENABLE_MODULES = YES;
				CLANG_ENABLE_OBJC_ARC = YES;
				CLANG_ENABLE_OBJC_WEAK = YES;
				CLANG_WARN_BLOCK_CAPTURE_AUTORELEASING = YES;
				CLANG_WARN_BOOL_CONVERSION = YES;
				CLANG_WARN_COMMA = YES;
				CLANG_WARN_CONSTANT_CONVERSION = YES;
				CLANG_WARN_DEPRECATED_OBJC_IMPLEMENTATIONS = YES;
				CLANG_WARN_DIRECT_OBJC_ISA_USAGE = YES_ERROR;
				CLANG_WARN_DOCUMENTATION_COMMENTS = YES;
				CLANG_WARN_EMPTY_BODY = YES;
				CLANG_WARN_ENUM_CONVERSION = YES;
				CLANG_WARN_INFINITE_RECURSION = YES;
				CLANG_WARN_INT_CONVERSION = YES;
				CLANG_WARN_NON_LITERAL_NULL_CONVERSION = YES;
				CLANG_WARN_OBJC_IMPLICIT_RETAIN_SELF = YES;
				CLANG_WARN_OBJC_LITERAL_CONVERSION = YES;
				CLANG_WARN_OBJC_ROOT_CLASS = YES_ERROR;
				CLANG_WARN_RANGE_LOOP_ANALYSIS = YES;
				CLANG_WARN_STRICT_PROTOTYPES = YES;
				CLANG_WARN_SUSPICIOUS_MOVE = YES;
				CLANG_WARN_UNGUARDED_AVAILABILITY = YES_AGGRESSIVE;
				CLANG_WARN_UNREACHABLE_CODE = YES;
				CLANG_WARN__DUPLICATE_METHOD_MATCH = YES;
				CODE_SIGN_IDENTITY = "iPhone Developer";
				COPY_PHASE_STRIP = NO;
				DEBUG_INFORMATION_FORMAT = "dwarf-with-dsym";
				ENABLE_NS_ASSERTIONS = NO;
				ENABLE_STRICT_OBJC_MSGSEND = YES;
				GCC_C_LANGUAGE_STANDARD = gnu11;
				GCC_NO_COMMON_BLOCKS = YES;
				GCC_WARN_64_TO_32_BIT_CONVERSION = YES;
				GCC_WARN_ABOUT_RETURN_TYPE = YES_ERROR;
				GCC_WARN_UNDECLARED_SELECTOR = YES;
				GCC_WARN_UNINITIALIZED_AUTOS = YES_AGGRESSIVE;
				GCC_WARN_UNUSED_FUNCTION = YES;
				GCC_WARN_UNUSED_VARIABLE = YES;
				INFOPLIST_FILE = "";
				IPHONEOS_DEPLOYMENT_TARGET = 11.0;
				MTL_ENABLE_DEBUG_INFO = NO;
				SDKROOT = iphoneos;
				SWIFT_COMPILATION_MODE = wholemodule;
				SWIFT_OPTIMIZATION_LEVEL = "-O";
				VALIDATE_PRODUCT = YES;
			};
			name = Release;
		};
		B21ABB32210FF664009C678C /* Debug */ = {
			isa = XCBuildConfiguration;
			baseConfigurationReference = 0BECC3C4456E730C500DAC85 /* Pods-Speech-Drill.debug.xcconfig */;
			buildSettings = {
				ASSETCATALOG_COMPILER_APPICON_NAME = AppIcon;
				CODE_SIGN_ENTITLEMENTS = "Speech-Drill/Speech-Drill.entitlements";
				CODE_SIGN_STYLE = Automatic;
				CURRENT_PROJECT_VERSION = 0;
				DEVELOPMENT_TEAM = U4985LT7P8;
				FRAMEWORK_SEARCH_PATHS = (
					"$(inherited)",
					"$(PROJECT_DIR)/Framework",
				);
				INFOPLIST_FILE = "$(SRCROOT)/Speech-Drill/Info.plist";
				IPHONEOS_DEPLOYMENT_TARGET = 11.0;
				LD_RUNPATH_SEARCH_PATHS = (
					"$(inherited)",
					"@executable_path/Frameworks",
				);
				MARKETING_VERSION = 1.2.1;
				PRODUCT_BUNDLE_IDENTIFIER = com.parthtamane.SpeechTrainer;
				PRODUCT_NAME = "$(TARGET_NAME)";
				SWIFT_VERSION = 4.0;
				TARGETED_DEVICE_FAMILY = 1;
			};
			name = Debug;
		};
		B21ABB33210FF664009C678C /* Release */ = {
			isa = XCBuildConfiguration;
			baseConfigurationReference = 77D0B60F9E79CA2CAB235FD0 /* Pods-Speech-Drill.release.xcconfig */;
			buildSettings = {
				ASSETCATALOG_COMPILER_APPICON_NAME = AppIcon;
				CODE_SIGN_ENTITLEMENTS = "Speech-Drill/Speech-Drill.entitlements";
				CODE_SIGN_STYLE = Automatic;
				CURRENT_PROJECT_VERSION = 0;
				DEVELOPMENT_TEAM = U4985LT7P8;
				FRAMEWORK_SEARCH_PATHS = (
					"$(inherited)",
					"$(PROJECT_DIR)/Framework",
				);
				INFOPLIST_FILE = "$(SRCROOT)/Speech-Drill/Info.plist";
				IPHONEOS_DEPLOYMENT_TARGET = 11.0;
				LD_RUNPATH_SEARCH_PATHS = (
					"$(inherited)",
					"@executable_path/Frameworks",
				);
				MARKETING_VERSION = 1.2.1;
				PRODUCT_BUNDLE_IDENTIFIER = com.parthtamane.SpeechTrainer;
				PRODUCT_NAME = "$(TARGET_NAME)";
				SWIFT_VERSION = 4.0;
				TARGETED_DEVICE_FAMILY = 1;
			};
			name = Release;
		};
/* End XCBuildConfiguration section */

/* Begin XCConfigurationList section */
		B21ABB1A210FF664009C678C /* Build configuration list for PBXProject "Speech-Drill" */ = {
			isa = XCConfigurationList;
			buildConfigurations = (
				B21ABB2F210FF664009C678C /* Debug */,
				B21ABB30210FF664009C678C /* Release */,
			);
			defaultConfigurationIsVisible = 0;
			defaultConfigurationName = Release;
		};
		B21ABB31210FF664009C678C /* Build configuration list for PBXNativeTarget "Speech-Drill" */ = {
			isa = XCConfigurationList;
			buildConfigurations = (
				B21ABB32210FF664009C678C /* Debug */,
				B21ABB33210FF664009C678C /* Release */,
			);
			defaultConfigurationIsVisible = 0;
			defaultConfigurationName = Release;
		};
/* End XCConfigurationList section */
	};
	rootObject = B21ABB17210FF664009C678C /* Project object */;
}
