// !$*UTF8*$!
{
	archiveVersion = 1;
	classes = {
	};
	objectVersion = 50;
	objects = {

/* Begin PBXBuildFile section */
		84FF2EE76F526D2EEB5D78D0 /* Pods_Speech_Drill.framework in Frameworks */ = {isa = PBXBuildFile; fileRef = B004704A17CB4927208EC40B /* Pods_Speech_Drill.framework */; };
		B204ECB021134A2200A51E8B /* RecordingCell.swift in Sources */ = {isa = PBXBuildFile; fileRef = B204ECAF21134A2200A51E8B /* RecordingCell.swift */; };
		B206B61221609CA700B1CCBA /* SlideInVC.swift in Sources */ = {isa = PBXBuildFile; fileRef = B206B61121609CA700B1CCBA /* SlideInVC.swift */; };
		B206B6142160BCA800B1CCBA /* bars.png in Resources */ = {isa = PBXBuildFile; fileRef = B206B6132160BCA700B1CCBA /* bars.png */; };
		B206B6162160D39F00B1CCBA /* GoogleService-Info.plist in Resources */ = {isa = PBXBuildFile; fileRef = B206B6152160D39F00B1CCBA /* GoogleService-Info.plist */; };
		B21ABB23210FF664009C678C /* AppDelegate.swift in Sources */ = {isa = PBXBuildFile; fileRef = B21ABB22210FF664009C678C /* AppDelegate.swift */; };
		B21ABB25210FF664009C678C /* MainVC.swift in Sources */ = {isa = PBXBuildFile; fileRef = B21ABB24210FF664009C678C /* MainVC.swift */; };
		B21ABB28210FF664009C678C /* Main.storyboard in Resources */ = {isa = PBXBuildFile; fileRef = B21ABB26210FF664009C678C /* Main.storyboard */; };
		B21ABB2A210FF664009C678C /* Assets.xcassets in Resources */ = {isa = PBXBuildFile; fileRef = B21ABB29210FF664009C678C /* Assets.xcassets */; };
		B21ABB2D210FF664009C678C /* LaunchScreen.storyboard in Resources */ = {isa = PBXBuildFile; fileRef = B21ABB2B210FF664009C678C /* LaunchScreen.storyboard */; };
		B22C81372114133300104E02 /* RoundButton.swift in Sources */ = {isa = PBXBuildFile; fileRef = B22C81362114133300104E02 /* RoundButton.swift */; };
		B22C813B2114366E00104E02 /* topics.csv in Resources */ = {isa = PBXBuildFile; fileRef = B22C813A2114366E00104E02 /* topics.csv */; };
		B22F8FC4214922EF00B05A87 /* RoundBorderedBtn.swift in Sources */ = {isa = PBXBuildFile; fileRef = B22F8FC3214922EF00B05A87 /* RoundBorderedBtn.swift */; };
		B232A5672142207400417DA5 /* logo.png in Resources */ = {isa = PBXBuildFile; fileRef = B232A5662142207400417DA5 /* logo.png */; };
		B23F7F1021483AA6009B6ECA /* UIColors.swift in Sources */ = {isa = PBXBuildFile; fileRef = B23F7F0F21483AA6009B6ECA /* UIColors.swift */; };
		B23F7F1221483AD1009B6ECA /* UIIcons.swift in Sources */ = {isa = PBXBuildFile; fileRef = B23F7F1121483AD1009B6ECA /* UIIcons.swift */; };
		B23F7F1421483B02009B6ECA /* IDs.swift in Sources */ = {isa = PBXBuildFile; fileRef = B23F7F1321483B02009B6ECA /* IDs.swift */; };
		B23F7F1621483BA5009B6ECA /* UIConstraints.swift in Sources */ = {isa = PBXBuildFile; fileRef = B23F7F1521483BA5009B6ECA /* UIConstraints.swift */; };
		B2418C18215E8E490020E078 /* SideNavVC.swift in Sources */ = {isa = PBXBuildFile; fileRef = B2418C17215E8E490020E078 /* SideNavVC.swift */; };
		B2418C1B215EA6A30020E078 /* RevealSideNav.swift in Sources */ = {isa = PBXBuildFile; fileRef = B2418C1A215EA6A30020E078 /* RevealSideNav.swift */; };
		B2418C1D215EAC490020E078 /* Interactor.swift in Sources */ = {isa = PBXBuildFile; fileRef = B2418C1C215EAC490020E078 /* Interactor.swift */; };
		B2418C1F215EACDA0020E078 /* MenuHelper.swift in Sources */ = {isa = PBXBuildFile; fileRef = B2418C1E215EACDA0020E078 /* MenuHelper.swift */; };
		B25F80B9211F4F3200AD786C /* Enums.swift in Sources */ = {isa = PBXBuildFile; fileRef = B25F80B8211F4F3200AD786C /* Enums.swift */; };
		B25F80C4211F5B0700AD786C /* beep1.m4a in Resources */ = {isa = PBXBuildFile; fileRef = B25F80C3211F5B0700AD786C /* beep1.m4a */; };
		B25F80C6211F5BAA00AD786C /* beep2.m4a in Resources */ = {isa = PBXBuildFile; fileRef = B25F80C5211F5BAA00AD786C /* beep2.m4a */; };
		B25F80C8211F667500AD786C /* RoundLabel.swift in Sources */ = {isa = PBXBuildFile; fileRef = B25F80C7211F667500AD786C /* RoundLabel.swift */; };
		B26A36BD215ECE3C00628EC9 /* HideSideNav.swift in Sources */ = {isa = PBXBuildFile; fileRef = B26A36BC215ECE3C00628EC9 /* HideSideNav.swift */; };
		B26C1B37212C8FDE0015795C /* CentralAudioPlayer.swift in Sources */ = {isa = PBXBuildFile; fileRef = B26C1B36212C8FDE0015795C /* CentralAudioPlayer.swift */; };
		B2752D342137FD6300054ACF /* plus.png in Resources */ = {isa = PBXBuildFile; fileRef = B2752D322137FD6200054ACF /* plus.png */; };
		B2752D352137FD6300054ACF /* minus.png in Resources */ = {isa = PBXBuildFile; fileRef = B2752D332137FD6300054ACF /* minus.png */; };
		B2ACC673212D0E16009AE30D /* RoundedImage.swift in Sources */ = {isa = PBXBuildFile; fileRef = B2ACC672212D0E16009AE30D /* RoundedImage.swift */; };
		B2ACC677212D0F59009AE30D /* blackbg.jpg in Resources */ = {isa = PBXBuildFile; fileRef = B2ACC676212D0F58009AE30D /* blackbg.jpg */; };
		B2BC4A38213C535E00EDEB74 /* IconMaker.swift in Sources */ = {isa = PBXBuildFile; fileRef = B2BC4A37213C535E00EDEB74 /* IconMaker.swift */; };
		B2BC4A3A213C55E800EDEB74 /* RecordingsMerger.swift in Sources */ = {isa = PBXBuildFile; fileRef = B2BC4A39213C55E800EDEB74 /* RecordingsMerger.swift */; };
		B2BF9F08214009820015F330 /* Pulsing.swift in Sources */ = {isa = PBXBuildFile; fileRef = B2BF9F07214009820015F330 /* Pulsing.swift */; };
		B2C7152321419F8900530CEA /* twitter.png in Resources */ = {isa = PBXBuildFile; fileRef = B2C7152221419F8900530CEA /* twitter.png */; };
		B2DAB671212894190062ECDF /* check.png in Resources */ = {isa = PBXBuildFile; fileRef = B2DAB660212894160062ECDF /* check.png */; };
		B2DAB672212894190062ECDF /* pauseg.png in Resources */ = {isa = PBXBuildFile; fileRef = B2DAB661212894160062ECDF /* pauseg.png */; };
		B2DAB67D212894190062ECDF /* info.png in Resources */ = {isa = PBXBuildFile; fileRef = B2DAB66C212894180062ECDF /* info.png */; };
		B2DAB67F212894190062ECDF /* box.png in Resources */ = {isa = PBXBuildFile; fileRef = B2DAB66E212894190062ECDF /* box.png */; };
		B2DAB68F2129277A0062ECDF /* close.png in Resources */ = {isa = PBXBuildFile; fileRef = B2DAB68E212927790062ECDF /* close.png */; };
		B2DAB6932129282E0062ECDF /* playg.png in Resources */ = {isa = PBXBuildFile; fileRef = B2DAB6912129282E0062ECDF /* playg.png */; };
		B2DAB6952129288F0062ECDF /* delete.png in Resources */ = {isa = PBXBuildFile; fileRef = B2DAB6942129288F0062ECDF /* delete.png */; };
		B2DAB698212929A70062ECDF /* sshareg.png in Resources */ = {isa = PBXBuildFile; fileRef = B2DAB696212929A70062ECDF /* sshareg.png */; };
		B2DAB699212929A70062ECDF /* share.png in Resources */ = {isa = PBXBuildFile; fileRef = B2DAB697212929A70062ECDF /* share.png */; };
		B2DB3F232148EE72000DD50E /* ProgressBar.swift in Sources */ = {isa = PBXBuildFile; fileRef = B2DB3F222148EE72000DD50E /* ProgressBar.swift */; };
		B2E5F5DD212B1D1200FC7E28 /* dleft.png in Resources */ = {isa = PBXBuildFile; fileRef = B2E5F5D7212B1D0E00FC7E28 /* dleft.png */; };
		B2E5F5DE212B1D1200FC7E28 /* tleft.png in Resources */ = {isa = PBXBuildFile; fileRef = B2E5F5D8212B1D0F00FC7E28 /* tleft.png */; };
		B2E5F5DF212B1D1200FC7E28 /* tright.png in Resources */ = {isa = PBXBuildFile; fileRef = B2E5F5D9212B1D0F00FC7E28 /* tright.png */; };
		B2E5F5E0212B1D1200FC7E28 /* dright.png in Resources */ = {isa = PBXBuildFile; fileRef = B2E5F5DA212B1D1000FC7E28 /* dright.png */; };
		B2E5F5E1212B1D1200FC7E28 /* sright.png in Resources */ = {isa = PBXBuildFile; fileRef = B2E5F5DB212B1D1100FC7E28 /* sright.png */; };
		B2E5F5E2212B1D1200FC7E28 /* sleft.png in Resources */ = {isa = PBXBuildFile; fileRef = B2E5F5DC212B1D1100FC7E28 /* sleft.png */; };
		B2E5F5E8212B260C00FC7E28 /* InfoVC.swift in Sources */ = {isa = PBXBuildFile; fileRef = B2E5F5E7212B260C00FC7E28 /* InfoVC.swift */; };
		B2E5F5EA212B2C5900FC7E28 /* Utils.swift in Sources */ = {isa = PBXBuildFile; fileRef = B2E5F5E9212B2C5900FC7E28 /* Utils.swift */; };
		B2E5F5EC212B2E7600FC7E28 /* Me.jpg in Resources */ = {isa = PBXBuildFile; fileRef = B2E5F5EB212B2E7600FC7E28 /* Me.jpg */; };
		B2E5F5EF212B318700FC7E28 /* email.png in Resources */ = {isa = PBXBuildFile; fileRef = B2E5F5ED212B318700FC7E28 /* email.png */; };
		B2E5F5F0212B318700FC7E28 /* github.png in Resources */ = {isa = PBXBuildFile; fileRef = B2E5F5EE212B318700FC7E28 /* github.png */; };
		B2E5F5F2212B340D00FC7E28 /* IconCell.swift in Sources */ = {isa = PBXBuildFile; fileRef = B2E5F5F1212B340D00FC7E28 /* IconCell.swift */; };
		B2E5F5F4212B401B00FC7E28 /* RoundImage.swift in Sources */ = {isa = PBXBuildFile; fileRef = B2E5F5F3212B401B00FC7E28 /* RoundImage.swift */; };
		B2E5F5F7212B420900FC7E28 /* ShuffleExtension.swift in Sources */ = {isa = PBXBuildFile; fileRef = B2E5F5F6212B420900FC7E28 /* ShuffleExtension.swift */; };
		B2F01E17212D3244006D6D86 /* penmic.png in Resources */ = {isa = PBXBuildFile; fileRef = B2F01E19212D3244006D6D86 /* penmic.png */; };
		B2F01E21212D3994006D6D86 /* speak_now.mp3 in Resources */ = {isa = PBXBuildFile; fileRef = B2F01E1D212D3993006D6D86 /* speak_now.mp3 */; };
		B2F01E22212D3994006D6D86 /* integrated_a.mp3 in Resources */ = {isa = PBXBuildFile; fileRef = B2F01E1E212D3994006D6D86 /* integrated_a.mp3 */; };
		B2F01E23212D3994006D6D86 /* independent.mp3 in Resources */ = {isa = PBXBuildFile; fileRef = B2F01E1F212D3994006D6D86 /* independent.mp3 */; };
		B2F01E24212D3994006D6D86 /* integrated_b.mp3 in Resources */ = {isa = PBXBuildFile; fileRef = B2F01E20212D3994006D6D86 /* integrated_b.mp3 */; };
		B2F01E26212D8C44006D6D86 /* Toast.swift in Sources */ = {isa = PBXBuildFile; fileRef = B2F01E25212D8C44006D6D86 /* Toast.swift */; };
		B2FFE74421438AE600484AFA /* SectionHeader.xib in Resources */ = {isa = PBXBuildFile; fileRef = B2FFE74321438AE600484AFA /* SectionHeader.xib */; };
		B2FFE74621438C7B00484AFA /* SectionHeader.swift in Sources */ = {isa = PBXBuildFile; fileRef = B2FFE74521438C7B00484AFA /* SectionHeader.swift */; };
/* End PBXBuildFile section */

/* Begin PBXFileReference section */
		0BECC3C4456E730C500DAC85 /* Pods-Speech-Drill.debug.xcconfig */ = {isa = PBXFileReference; includeInIndex = 1; lastKnownFileType = text.xcconfig; name = "Pods-Speech-Drill.debug.xcconfig"; path = "Pods/Target Support Files/Pods-Speech-Drill/Pods-Speech-Drill.debug.xcconfig"; sourceTree = "<group>"; };
		1F2AD09C9611AD51D31B8DC1 /* Pods-TOEFL-Speaking.debug.xcconfig */ = {isa = PBXFileReference; includeInIndex = 1; lastKnownFileType = text.xcconfig; name = "Pods-TOEFL-Speaking.debug.xcconfig"; path = "Pods/Target Support Files/Pods-TOEFL-Speaking/Pods-TOEFL-Speaking.debug.xcconfig"; sourceTree = "<group>"; };
		77D0B60F9E79CA2CAB235FD0 /* Pods-Speech-Drill.release.xcconfig */ = {isa = PBXFileReference; includeInIndex = 1; lastKnownFileType = text.xcconfig; name = "Pods-Speech-Drill.release.xcconfig"; path = "Pods/Target Support Files/Pods-Speech-Drill/Pods-Speech-Drill.release.xcconfig"; sourceTree = "<group>"; };
		7F7944DA8AFEC25230A555F0 /* Pods_TOEFL_Speaking.framework */ = {isa = PBXFileReference; explicitFileType = wrapper.framework; includeInIndex = 0; path = Pods_TOEFL_Speaking.framework; sourceTree = BUILT_PRODUCTS_DIR; };
		B004704A17CB4927208EC40B /* Pods_Speech_Drill.framework */ = {isa = PBXFileReference; explicitFileType = wrapper.framework; includeInIndex = 0; path = Pods_Speech_Drill.framework; sourceTree = BUILT_PRODUCTS_DIR; };
		B204ECAF21134A2200A51E8B /* RecordingCell.swift */ = {isa = PBXFileReference; lastKnownFileType = sourcecode.swift; path = RecordingCell.swift; sourceTree = "<group>"; };
		B206B61121609CA700B1CCBA /* SlideInVC.swift */ = {isa = PBXFileReference; lastKnownFileType = sourcecode.swift; path = SlideInVC.swift; sourceTree = "<group>"; };
		B206B6132160BCA700B1CCBA /* bars.png */ = {isa = PBXFileReference; lastKnownFileType = image.png; path = bars.png; sourceTree = SOURCE_ROOT; };
		B206B6152160D39F00B1CCBA /* GoogleService-Info.plist */ = {isa = PBXFileReference; fileEncoding = 4; lastKnownFileType = text.plist.xml; path = "GoogleService-Info.plist"; sourceTree = "<group>"; };
		B21ABB1F210FF664009C678C /* Speech-Drill.app */ = {isa = PBXFileReference; explicitFileType = wrapper.application; includeInIndex = 0; path = "Speech-Drill.app"; sourceTree = BUILT_PRODUCTS_DIR; };
		B21ABB22210FF664009C678C /* AppDelegate.swift */ = {isa = PBXFileReference; lastKnownFileType = sourcecode.swift; path = AppDelegate.swift; sourceTree = "<group>"; };
		B21ABB24210FF664009C678C /* MainVC.swift */ = {isa = PBXFileReference; lastKnownFileType = sourcecode.swift; path = MainVC.swift; sourceTree = "<group>"; };
		B21ABB27210FF664009C678C /* Base */ = {isa = PBXFileReference; lastKnownFileType = file.storyboard; name = Base; path = Base.lproj/Main.storyboard; sourceTree = "<group>"; };
		B21ABB29210FF664009C678C /* Assets.xcassets */ = {isa = PBXFileReference; lastKnownFileType = folder.assetcatalog; path = Assets.xcassets; sourceTree = "<group>"; };
		B21ABB2C210FF664009C678C /* Base */ = {isa = PBXFileReference; lastKnownFileType = file.storyboard; name = Base; path = Base.lproj/LaunchScreen.storyboard; sourceTree = "<group>"; };
		B21ABB2E210FF664009C678C /* Info.plist */ = {isa = PBXFileReference; lastKnownFileType = text.plist.xml; path = Info.plist; sourceTree = "<group>"; };
		B22C81362114133300104E02 /* RoundButton.swift */ = {isa = PBXFileReference; lastKnownFileType = sourcecode.swift; path = RoundButton.swift; sourceTree = "<group>"; };
		B22C813A2114366E00104E02 /* topics.csv */ = {isa = PBXFileReference; fileEncoding = 4; lastKnownFileType = text; path = topics.csv; sourceTree = "<group>"; };
		B22F8FC3214922EF00B05A87 /* RoundBorderedBtn.swift */ = {isa = PBXFileReference; lastKnownFileType = sourcecode.swift; path = RoundBorderedBtn.swift; sourceTree = "<group>"; };
		B232A5662142207400417DA5 /* logo.png */ = {isa = PBXFileReference; lastKnownFileType = image.png; path = logo.png; sourceTree = SOURCE_ROOT; };
		B23F7F0F21483AA6009B6ECA /* UIColors.swift */ = {isa = PBXFileReference; lastKnownFileType = sourcecode.swift; path = UIColors.swift; sourceTree = "<group>"; };
		B23F7F1121483AD1009B6ECA /* UIIcons.swift */ = {isa = PBXFileReference; lastKnownFileType = sourcecode.swift; path = UIIcons.swift; sourceTree = "<group>"; };
		B23F7F1321483B02009B6ECA /* IDs.swift */ = {isa = PBXFileReference; lastKnownFileType = sourcecode.swift; path = IDs.swift; sourceTree = "<group>"; };
		B23F7F1521483BA5009B6ECA /* UIConstraints.swift */ = {isa = PBXFileReference; lastKnownFileType = sourcecode.swift; path = UIConstraints.swift; sourceTree = "<group>"; };
		B2418C17215E8E490020E078 /* SideNavVC.swift */ = {isa = PBXFileReference; lastKnownFileType = sourcecode.swift; path = SideNavVC.swift; sourceTree = "<group>"; };
		B2418C1A215EA6A30020E078 /* RevealSideNav.swift */ = {isa = PBXFileReference; lastKnownFileType = sourcecode.swift; path = RevealSideNav.swift; sourceTree = "<group>"; };
		B2418C1C215EAC490020E078 /* Interactor.swift */ = {isa = PBXFileReference; lastKnownFileType = sourcecode.swift; path = Interactor.swift; sourceTree = "<group>"; };
		B2418C1E215EACDA0020E078 /* MenuHelper.swift */ = {isa = PBXFileReference; lastKnownFileType = sourcecode.swift; path = MenuHelper.swift; sourceTree = "<group>"; };
		B25F80B8211F4F3200AD786C /* Enums.swift */ = {isa = PBXFileReference; lastKnownFileType = sourcecode.swift; path = Enums.swift; sourceTree = "<group>"; };
		B25F80C3211F5B0700AD786C /* beep1.m4a */ = {isa = PBXFileReference; lastKnownFileType = file; path = beep1.m4a; sourceTree = "<group>"; };
		B25F80C5211F5BAA00AD786C /* beep2.m4a */ = {isa = PBXFileReference; lastKnownFileType = file; path = beep2.m4a; sourceTree = "<group>"; };
		B25F80C7211F667500AD786C /* RoundLabel.swift */ = {isa = PBXFileReference; lastKnownFileType = sourcecode.swift; path = RoundLabel.swift; sourceTree = "<group>"; };
		B26A36BC215ECE3C00628EC9 /* HideSideNav.swift */ = {isa = PBXFileReference; lastKnownFileType = sourcecode.swift; path = HideSideNav.swift; sourceTree = "<group>"; };
		B26C1B36212C8FDE0015795C /* CentralAudioPlayer.swift */ = {isa = PBXFileReference; lastKnownFileType = sourcecode.swift; path = CentralAudioPlayer.swift; sourceTree = "<group>"; };
		B2752D322137FD6200054ACF /* plus.png */ = {isa = PBXFileReference; lastKnownFileType = image.png; path = plus.png; sourceTree = "<group>"; };
		B2752D332137FD6300054ACF /* minus.png */ = {isa = PBXFileReference; lastKnownFileType = image.png; path = minus.png; sourceTree = "<group>"; };
		B2ACC672212D0E16009AE30D /* RoundedImage.swift */ = {isa = PBXFileReference; lastKnownFileType = sourcecode.swift; path = RoundedImage.swift; sourceTree = "<group>"; };
		B2ACC676212D0F58009AE30D /* blackbg.jpg */ = {isa = PBXFileReference; lastKnownFileType = image.jpeg; path = blackbg.jpg; sourceTree = "<group>"; };
		B2BC4A37213C535E00EDEB74 /* IconMaker.swift */ = {isa = PBXFileReference; lastKnownFileType = sourcecode.swift; path = IconMaker.swift; sourceTree = "<group>"; };
		B2BC4A39213C55E800EDEB74 /* RecordingsMerger.swift */ = {isa = PBXFileReference; lastKnownFileType = sourcecode.swift; path = RecordingsMerger.swift; sourceTree = "<group>"; };
		B2BF9F07214009820015F330 /* Pulsing.swift */ = {isa = PBXFileReference; lastKnownFileType = sourcecode.swift; path = Pulsing.swift; sourceTree = "<group>"; };
		B2C7152221419F8900530CEA /* twitter.png */ = {isa = PBXFileReference; lastKnownFileType = image.png; path = twitter.png; sourceTree = "<group>"; };
		B2DAB660212894160062ECDF /* check.png */ = {isa = PBXFileReference; lastKnownFileType = image.png; path = check.png; sourceTree = "<group>"; };
		B2DAB661212894160062ECDF /* pauseg.png */ = {isa = PBXFileReference; lastKnownFileType = image.png; path = pauseg.png; sourceTree = "<group>"; };
		B2DAB66C212894180062ECDF /* info.png */ = {isa = PBXFileReference; lastKnownFileType = image.png; path = info.png; sourceTree = "<group>"; };
		B2DAB66E212894190062ECDF /* box.png */ = {isa = PBXFileReference; lastKnownFileType = image.png; path = box.png; sourceTree = "<group>"; };
		B2DAB68E212927790062ECDF /* close.png */ = {isa = PBXFileReference; lastKnownFileType = image.png; path = close.png; sourceTree = "<group>"; };
		B2DAB6912129282E0062ECDF /* playg.png */ = {isa = PBXFileReference; lastKnownFileType = image.png; path = playg.png; sourceTree = "<group>"; };
		B2DAB6942129288F0062ECDF /* delete.png */ = {isa = PBXFileReference; lastKnownFileType = image.png; path = delete.png; sourceTree = "<group>"; };
		B2DAB696212929A70062ECDF /* sshareg.png */ = {isa = PBXFileReference; lastKnownFileType = image.png; path = sshareg.png; sourceTree = "<group>"; };
		B2DAB697212929A70062ECDF /* share.png */ = {isa = PBXFileReference; lastKnownFileType = image.png; path = share.png; sourceTree = "<group>"; };
		B2DB3F222148EE72000DD50E /* ProgressBar.swift */ = {isa = PBXFileReference; lastKnownFileType = sourcecode.swift; path = ProgressBar.swift; sourceTree = "<group>"; };
		B2E5F5D7212B1D0E00FC7E28 /* dleft.png */ = {isa = PBXFileReference; lastKnownFileType = image.png; path = dleft.png; sourceTree = "<group>"; };
		B2E5F5D8212B1D0F00FC7E28 /* tleft.png */ = {isa = PBXFileReference; lastKnownFileType = image.png; path = tleft.png; sourceTree = "<group>"; };
		B2E5F5D9212B1D0F00FC7E28 /* tright.png */ = {isa = PBXFileReference; lastKnownFileType = image.png; path = tright.png; sourceTree = "<group>"; };
		B2E5F5DA212B1D1000FC7E28 /* dright.png */ = {isa = PBXFileReference; lastKnownFileType = image.png; path = dright.png; sourceTree = "<group>"; };
		B2E5F5DB212B1D1100FC7E28 /* sright.png */ = {isa = PBXFileReference; lastKnownFileType = image.png; path = sright.png; sourceTree = "<group>"; };
		B2E5F5DC212B1D1100FC7E28 /* sleft.png */ = {isa = PBXFileReference; lastKnownFileType = image.png; path = sleft.png; sourceTree = "<group>"; };
		B2E5F5E7212B260C00FC7E28 /* InfoVC.swift */ = {isa = PBXFileReference; lastKnownFileType = sourcecode.swift; path = InfoVC.swift; sourceTree = "<group>"; };
		B2E5F5E9212B2C5900FC7E28 /* Utils.swift */ = {isa = PBXFileReference; lastKnownFileType = sourcecode.swift; path = Utils.swift; sourceTree = "<group>"; };
		B2E5F5EB212B2E7600FC7E28 /* Me.jpg */ = {isa = PBXFileReference; lastKnownFileType = image.jpeg; path = Me.jpg; sourceTree = "<group>"; };
		B2E5F5ED212B318700FC7E28 /* email.png */ = {isa = PBXFileReference; lastKnownFileType = image.png; path = email.png; sourceTree = "<group>"; };
		B2E5F5EE212B318700FC7E28 /* github.png */ = {isa = PBXFileReference; lastKnownFileType = image.png; path = github.png; sourceTree = "<group>"; };
		B2E5F5F1212B340D00FC7E28 /* IconCell.swift */ = {isa = PBXFileReference; lastKnownFileType = sourcecode.swift; path = IconCell.swift; sourceTree = "<group>"; };
		B2E5F5F3212B401B00FC7E28 /* RoundImage.swift */ = {isa = PBXFileReference; lastKnownFileType = sourcecode.swift; path = RoundImage.swift; sourceTree = "<group>"; };
		B2E5F5F6212B420900FC7E28 /* ShuffleExtension.swift */ = {isa = PBXFileReference; lastKnownFileType = sourcecode.swift; path = ShuffleExtension.swift; sourceTree = "<group>"; };
		B2F01E18212D3244006D6D86 /* Base */ = {isa = PBXFileReference; lastKnownFileType = image.png; name = Base; path = Base.lproj/penmic.png; sourceTree = "<group>"; };
		B2F01E1D212D3993006D6D86 /* speak_now.mp3 */ = {isa = PBXFileReference; lastKnownFileType = audio.mp3; path = speak_now.mp3; sourceTree = "<group>"; };
		B2F01E1E212D3994006D6D86 /* integrated_a.mp3 */ = {isa = PBXFileReference; lastKnownFileType = audio.mp3; path = integrated_a.mp3; sourceTree = "<group>"; };
		B2F01E1F212D3994006D6D86 /* independent.mp3 */ = {isa = PBXFileReference; lastKnownFileType = audio.mp3; path = independent.mp3; sourceTree = "<group>"; };
		B2F01E20212D3994006D6D86 /* integrated_b.mp3 */ = {isa = PBXFileReference; lastKnownFileType = audio.mp3; path = integrated_b.mp3; sourceTree = "<group>"; };
		B2F01E25212D8C44006D6D86 /* Toast.swift */ = {isa = PBXFileReference; lastKnownFileType = sourcecode.swift; path = Toast.swift; sourceTree = "<group>"; };
		B2FFE74321438AE600484AFA /* SectionHeader.xib */ = {isa = PBXFileReference; lastKnownFileType = file.xib; path = SectionHeader.xib; sourceTree = "<group>"; };
		B2FFE74521438C7B00484AFA /* SectionHeader.swift */ = {isa = PBXFileReference; lastKnownFileType = sourcecode.swift; path = SectionHeader.swift; sourceTree = "<group>"; };
		B47960409B4B75DC35695E1D /* Pods-TOEFL-Speaking.release.xcconfig */ = {isa = PBXFileReference; includeInIndex = 1; lastKnownFileType = text.xcconfig; name = "Pods-TOEFL-Speaking.release.xcconfig"; path = "Pods/Target Support Files/Pods-TOEFL-Speaking/Pods-TOEFL-Speaking.release.xcconfig"; sourceTree = "<group>"; };
/* End PBXFileReference section */

/* Begin PBXFrameworksBuildPhase section */
		B21ABB1C210FF664009C678C /* Frameworks */ = {
			isa = PBXFrameworksBuildPhase;
			buildActionMask = 2147483647;
			files = (
				84FF2EE76F526D2EEB5D78D0 /* Pods_Speech_Drill.framework in Frameworks */,
			);
			runOnlyForDeploymentPostprocessing = 0;
		};
/* End PBXFrameworksBuildPhase section */

/* Begin PBXGroup section */
		9F8DF12821157B0A13C38B8E /* Frameworks */ = {
			isa = PBXGroup;
			children = (
				7F7944DA8AFEC25230A555F0 /* Pods_TOEFL_Speaking.framework */,
				B004704A17CB4927208EC40B /* Pods_Speech_Drill.framework */,
			);
			name = Frameworks;
			sourceTree = "<group>";
		};
		B204ECAE211349FE00A51E8B /* Custom Class */ = {
			isa = PBXGroup;
			children = (
				B204ECAF21134A2200A51E8B /* RecordingCell.swift */,
				B2FFE74521438C7B00484AFA /* SectionHeader.swift */,
				B2E5F5F1212B340D00FC7E28 /* IconCell.swift */,
				B2F01E25212D8C44006D6D86 /* Toast.swift */,
				B2DB3F222148EE72000DD50E /* ProgressBar.swift */,
			);
			path = "Custom Class";
			sourceTree = "<group>";
		};
		B21ABB16210FF664009C678C = {
			isa = PBXGroup;
			children = (
				B21ABB21210FF664009C678C /* Speech-Drill */,
				B21ABB20210FF664009C678C /* Products */,
				C2DE69F64CE1AF011AEF432A /* Pods */,
				9F8DF12821157B0A13C38B8E /* Frameworks */,
			);
			sourceTree = "<group>";
		};
		B21ABB20210FF664009C678C /* Products */ = {
			isa = PBXGroup;
			children = (
				B21ABB1F210FF664009C678C /* Speech-Drill.app */,
			);
			name = Products;
			sourceTree = "<group>";
		};
		B21ABB21210FF664009C678C /* Speech-Drill */ = {
			isa = PBXGroup;
			children = (
				B21FAB25215F26C900AE2E0A /* Information */,
				B2418C19215EA67C0020E078 /* Animation Controller */,
				B2DAB65D21285C780062ECDF /* Extension */,
				B2DAB65421285C470062ECDF /* Image Assets */,
				B23F5FEA211EFA68006034EC /* Assets */,
				B27F31372122025F00872047 /* Controller */,
				B204ECAE211349FE00A51E8B /* Custom Class */,
				B21ABB35210FFA19009C678C /* Custom View */,
				B23F7F0E21483A94009B6ECA /* Constants */,
				B27F31382122027700872047 /* Utils */,
				B21ABB2E210FF664009C678C /* Info.plist */,
				B206B6152160D39F00B1CCBA /* GoogleService-Info.plist */,
				B2FFE74321438AE600484AFA /* SectionHeader.xib */,
				B21ABB26210FF664009C678C /* Main.storyboard */,
				B21ABB2B210FF664009C678C /* LaunchScreen.storyboard */,
				B21ABB29210FF664009C678C /* Assets.xcassets */,
			);
			path = "Speech-Drill";
			sourceTree = "<group>";
		};
		B21ABB35210FFA19009C678C /* Custom View */ = {
			isa = PBXGroup;
			children = (
				B22F8FC3214922EF00B05A87 /* RoundBorderedBtn.swift */,
				B22C81362114133300104E02 /* RoundButton.swift */,
				B25F80C7211F667500AD786C /* RoundLabel.swift */,
				B2E5F5F3212B401B00FC7E28 /* RoundImage.swift */,
				B2ACC672212D0E16009AE30D /* RoundedImage.swift */,
				B2BF9F07214009820015F330 /* Pulsing.swift */,
			);
			path = "Custom View";
			sourceTree = "<group>";
		};
		B21FAB25215F26C900AE2E0A /* Information */ = {
			isa = PBXGroup;
			children = (
			);
			path = Information;
			sourceTree = "<group>";
		};
		B23F5FEA211EFA68006034EC /* Assets */ = {
			isa = PBXGroup;
			children = (
				B22C813A2114366E00104E02 /* topics.csv */,
				B2F01E1F212D3994006D6D86 /* independent.mp3 */,
				B2F01E1E212D3994006D6D86 /* integrated_a.mp3 */,
				B2F01E20212D3994006D6D86 /* integrated_b.mp3 */,
				B2F01E1D212D3993006D6D86 /* speak_now.mp3 */,
				B25F80C3211F5B0700AD786C /* beep1.m4a */,
				B25F80C5211F5BAA00AD786C /* beep2.m4a */,
			);
			path = Assets;
			sourceTree = "<group>";
		};
		B23F7F0E21483A94009B6ECA /* Constants */ = {
			isa = PBXGroup;
			children = (
				B23F7F0F21483AA6009B6ECA /* UIColors.swift */,
				B23F7F1121483AD1009B6ECA /* UIIcons.swift */,
				B23F7F1321483B02009B6ECA /* IDs.swift */,
				B23F7F1521483BA5009B6ECA /* UIConstraints.swift */,
				B25F80B8211F4F3200AD786C /* Enums.swift */,
			);
			path = Constants;
			sourceTree = "<group>";
		};
		B2418C19215EA67C0020E078 /* Animation Controller */ = {
			isa = PBXGroup;
			children = (
				B2418C1A215EA6A30020E078 /* RevealSideNav.swift */,
				B26A36BC215ECE3C00628EC9 /* HideSideNav.swift */,
				B206B61121609CA700B1CCBA /* SlideInVC.swift */,
			);
			path = "Animation Controller";
			sourceTree = "<group>";
		};
		B27F31372122025F00872047 /* Controller */ = {
			isa = PBXGroup;
			children = (
				B21ABB24210FF664009C678C /* MainVC.swift */,
				B2E5F5E7212B260C00FC7E28 /* InfoVC.swift */,
				B2418C17215E8E490020E078 /* SideNavVC.swift */,
			);
			path = Controller;
			sourceTree = "<group>";
		};
		B27F31382122027700872047 /* Utils */ = {
			isa = PBXGroup;
			children = (
				B2BC4A39213C55E800EDEB74 /* RecordingsMerger.swift */,
				B2BC4A37213C535E00EDEB74 /* IconMaker.swift */,
				B2E5F5E9212B2C5900FC7E28 /* Utils.swift */,
				B26C1B36212C8FDE0015795C /* CentralAudioPlayer.swift */,
				B21ABB22210FF664009C678C /* AppDelegate.swift */,
				B2418C1C215EAC490020E078 /* Interactor.swift */,
				B2418C1E215EACDA0020E078 /* MenuHelper.swift */,
			);
			path = Utils;
			sourceTree = "<group>";
		};
		B2DAB65421285C470062ECDF /* Image Assets */ = {
			isa = PBXGroup;
			children = (
				B206B6132160BCA700B1CCBA /* bars.png */,
				B2752D332137FD6300054ACF /* minus.png */,
				B232A5662142207400417DA5 /* logo.png */,
				B2C7152221419F8900530CEA /* twitter.png */,
				B2752D322137FD6200054ACF /* plus.png */,
				B2F01E19212D3244006D6D86 /* penmic.png */,
				B2ACC676212D0F58009AE30D /* blackbg.jpg */,
				B2E5F5EB212B2E7600FC7E28 /* Me.jpg */,
				B2E5F5ED212B318700FC7E28 /* email.png */,
				B2E5F5EE212B318700FC7E28 /* github.png */,
				B2E5F5D7212B1D0E00FC7E28 /* dleft.png */,
				B2E5F5DA212B1D1000FC7E28 /* dright.png */,
				B2E5F5DC212B1D1100FC7E28 /* sleft.png */,
				B2E5F5DB212B1D1100FC7E28 /* sright.png */,
				B2E5F5D8212B1D0F00FC7E28 /* tleft.png */,
				B2E5F5D9212B1D0F00FC7E28 /* tright.png */,
				B2DAB68E212927790062ECDF /* close.png */,
				B2DAB66E212894190062ECDF /* box.png */,
				B2DAB6942129288F0062ECDF /* delete.png */,
				B2DAB660212894160062ECDF /* check.png */,
				B2DAB66C212894180062ECDF /* info.png */,
				B2DAB697212929A70062ECDF /* share.png */,
				B2DAB696212929A70062ECDF /* sshareg.png */,
				B2DAB661212894160062ECDF /* pauseg.png */,
				B2DAB6912129282E0062ECDF /* playg.png */,
			);
			path = "Image Assets";
			sourceTree = "<group>";
		};
		B2DAB65D21285C780062ECDF /* Extension */ = {
			isa = PBXGroup;
			children = (
				B2E5F5F6212B420900FC7E28 /* ShuffleExtension.swift */,
			);
			path = Extension;
			sourceTree = "<group>";
		};
		C2DE69F64CE1AF011AEF432A /* Pods */ = {
			isa = PBXGroup;
			children = (
				1F2AD09C9611AD51D31B8DC1 /* Pods-TOEFL-Speaking.debug.xcconfig */,
				B47960409B4B75DC35695E1D /* Pods-TOEFL-Speaking.release.xcconfig */,
				0BECC3C4456E730C500DAC85 /* Pods-Speech-Drill.debug.xcconfig */,
				77D0B60F9E79CA2CAB235FD0 /* Pods-Speech-Drill.release.xcconfig */,
			);
			name = Pods;
			sourceTree = "<group>";
		};
/* End PBXGroup section */

/* Begin PBXNativeTarget section */
		B21ABB1E210FF664009C678C /* Speech-Drill */ = {
			isa = PBXNativeTarget;
			buildConfigurationList = B21ABB31210FF664009C678C /* Build configuration list for PBXNativeTarget "Speech-Drill" */;
			buildPhases = (
				D5CDA80B74DFF63E0CD2E475 /* [CP] Check Pods Manifest.lock */,
				B21ABB1B210FF664009C678C /* Sources */,
				B21ABB1C210FF664009C678C /* Frameworks */,
				B21ABB1D210FF664009C678C /* Resources */,
				B21ABB34210FF673009C678C /* Increment Build */,
				C5348A6DF832E98BE42079CE /* [CP] Embed Pods Frameworks */,
				6EE7C239B56403EA996CA127 /* [CP] Copy Pods Resources */,
			);
			buildRules = (
			);
			dependencies = (
			);
			name = "Speech-Drill";
			productName = "TOEFL Speaking";
			productReference = B21ABB1F210FF664009C678C /* Speech-Drill.app */;
			productType = "com.apple.product-type.application";
		};
/* End PBXNativeTarget section */

/* Begin PBXProject section */
		B21ABB17210FF664009C678C /* Project object */ = {
			isa = PBXProject;
			attributes = {
				LastSwiftUpdateCheck = 0940;
				LastUpgradeCheck = 0940;
				ORGANIZATIONNAME = "Parth Tamane";
				TargetAttributes = {
					B21ABB1E210FF664009C678C = {
						CreatedOnToolsVersion = 9.4.1;
					};
				};
			};
			buildConfigurationList = B21ABB1A210FF664009C678C /* Build configuration list for PBXProject "Speech-Drill" */;
			compatibilityVersion = "Xcode 9.3";
			developmentRegion = en;
			hasScannedForEncodings = 0;
			knownRegions = (
				en,
				Base,
			);
			mainGroup = B21ABB16210FF664009C678C;
			productRefGroup = B21ABB20210FF664009C678C /* Products */;
			projectDirPath = "";
			projectRoot = "";
			targets = (
				B21ABB1E210FF664009C678C /* Speech-Drill */,
			);
		};
/* End PBXProject section */

/* Begin PBXResourcesBuildPhase section */
		B21ABB1D210FF664009C678C /* Resources */ = {
			isa = PBXResourcesBuildPhase;
			buildActionMask = 2147483647;
			files = (
				B2DAB68F2129277A0062ECDF /* close.png in Resources */,
				B2F01E22212D3994006D6D86 /* integrated_a.mp3 in Resources */,
				B2DAB671212894190062ECDF /* check.png in Resources */,
				B2DAB698212929A70062ECDF /* sshareg.png in Resources */,
				B2DAB6952129288F0062ECDF /* delete.png in Resources */,
				B2F01E24212D3994006D6D86 /* integrated_b.mp3 in Resources */,
				B2E5F5EF212B318700FC7E28 /* email.png in Resources */,
				B2E5F5DD212B1D1200FC7E28 /* dleft.png in Resources */,
				B2DAB67F212894190062ECDF /* box.png in Resources */,
				B2DAB672212894190062ECDF /* pauseg.png in Resources */,
				B2752D342137FD6300054ACF /* plus.png in Resources */,
				B206B6142160BCA800B1CCBA /* bars.png in Resources */,
				B25F80C4211F5B0700AD786C /* beep1.m4a in Resources */,
				B22C813B2114366E00104E02 /* topics.csv in Resources */,
				B21ABB2D210FF664009C678C /* LaunchScreen.storyboard in Resources */,
				B21ABB2A210FF664009C678C /* Assets.xcassets in Resources */,
				B2E5F5DF212B1D1200FC7E28 /* tright.png in Resources */,
				B25F80C6211F5BAA00AD786C /* beep2.m4a in Resources */,
				B2DAB699212929A70062ECDF /* share.png in Resources */,
				B2E5F5EC212B2E7600FC7E28 /* Me.jpg in Resources */,
				B2ACC677212D0F59009AE30D /* blackbg.jpg in Resources */,
				B2DAB67D212894190062ECDF /* info.png in Resources */,
				B2E5F5E2212B1D1200FC7E28 /* sleft.png in Resources */,
				B232A5672142207400417DA5 /* logo.png in Resources */,
				B2E5F5F0212B318700FC7E28 /* github.png in Resources */,
				B2752D352137FD6300054ACF /* minus.png in Resources */,
				B2C7152321419F8900530CEA /* twitter.png in Resources */,
				B2F01E17212D3244006D6D86 /* penmic.png in Resources */,
				B2FFE74421438AE600484AFA /* SectionHeader.xib in Resources */,
				B2DAB6932129282E0062ECDF /* playg.png in Resources */,
				B2F01E23212D3994006D6D86 /* independent.mp3 in Resources */,
				B2E5F5E0212B1D1200FC7E28 /* dright.png in Resources */,
				B2F01E21212D3994006D6D86 /* speak_now.mp3 in Resources */,
				B2E5F5DE212B1D1200FC7E28 /* tleft.png in Resources */,
				B2E5F5E1212B1D1200FC7E28 /* sright.png in Resources */,
				B21ABB28210FF664009C678C /* Main.storyboard in Resources */,
				B206B6162160D39F00B1CCBA /* GoogleService-Info.plist in Resources */,
			);
			runOnlyForDeploymentPostprocessing = 0;
		};
/* End PBXResourcesBuildPhase section */

/* Begin PBXShellScriptBuildPhase section */
		6EE7C239B56403EA996CA127 /* [CP] Copy Pods Resources */ = {
			isa = PBXShellScriptBuildPhase;
			buildActionMask = 2147483647;
			files = (
			);
			inputPaths = (
			);
			name = "[CP] Copy Pods Resources";
			outputPaths = (
			);
			runOnlyForDeploymentPostprocessing = 0;
			shellPath = /bin/sh;
			shellScript = "\"${SRCROOT}/Pods/Target Support Files/Pods-Speech-Drill/Pods-Speech-Drill-resources.sh\"\n";
			showEnvVarsInLog = 0;
		};
		B21ABB34210FF673009C678C /* Increment Build */ = {
			isa = PBXShellScriptBuildPhase;
			buildActionMask = 12;
			files = (
			);
			inputPaths = (
			);
			name = "Increment Build";
			outputPaths = (
			);
			runOnlyForDeploymentPostprocessing = 0;
			shellPath = /bin/bash;
			shellScript = "#!bin/bash\nbuildNumber=$(/usr/libexec/PlistBuddy -c \"Print CFBundleVersion\" \"$INFOPLIST_FILE\")\nbuildNumber=$(($buildNumber + 1))\n/usr/libexec/PlistBuddy -c \"Set :CFBundleVersion $buildNumber\" \"$INFOPLIST_FILE\"\n";
		};
		C5348A6DF832E98BE42079CE /* [CP] Embed Pods Frameworks */ = {
			isa = PBXShellScriptBuildPhase;
			buildActionMask = 2147483647;
			files = (
			);
			inputPaths = (
				"${SRCROOT}/Pods/Target Support Files/Pods-Speech-Drill/Pods-Speech-Drill-frameworks.sh",
				"${BUILT_PRODUCTS_DIR}/GoogleToolboxForMac/GoogleToolboxForMac.framework",
				"${BUILT_PRODUCTS_DIR}/Mute/Mute.framework",
				"${BUILT_PRODUCTS_DIR}/leveldb-library/leveldb.framework",
				"${BUILT_PRODUCTS_DIR}/nanopb/nanopb.framework",
			);
			name = "[CP] Embed Pods Frameworks";
			outputPaths = (
				"${TARGET_BUILD_DIR}/${FRAMEWORKS_FOLDER_PATH}/GoogleToolboxForMac.framework",
				"${TARGET_BUILD_DIR}/${FRAMEWORKS_FOLDER_PATH}/Mute.framework",
				"${TARGET_BUILD_DIR}/${FRAMEWORKS_FOLDER_PATH}/leveldb.framework",
				"${TARGET_BUILD_DIR}/${FRAMEWORKS_FOLDER_PATH}/nanopb.framework",
			);
			runOnlyForDeploymentPostprocessing = 0;
			shellPath = /bin/sh;
			shellScript = "\"${SRCROOT}/Pods/Target Support Files/Pods-Speech-Drill/Pods-Speech-Drill-frameworks.sh\"\n";
			showEnvVarsInLog = 0;
		};
		D5CDA80B74DFF63E0CD2E475 /* [CP] Check Pods Manifest.lock */ = {
			isa = PBXShellScriptBuildPhase;
			buildActionMask = 2147483647;
			files = (
			);
			inputPaths = (
				"${PODS_PODFILE_DIR_PATH}/Podfile.lock",
				"${PODS_ROOT}/Manifest.lock",
			);
			name = "[CP] Check Pods Manifest.lock";
			outputPaths = (
				"$(DERIVED_FILE_DIR)/Pods-Speech-Drill-checkManifestLockResult.txt",
			);
			runOnlyForDeploymentPostprocessing = 0;
			shellPath = /bin/sh;
			shellScript = "diff \"${PODS_PODFILE_DIR_PATH}/Podfile.lock\" \"${PODS_ROOT}/Manifest.lock\" > /dev/null\nif [ $? != 0 ] ; then\n    # print error to STDERR\n    echo \"error: The sandbox is not in sync with the Podfile.lock. Run 'pod install' or update your CocoaPods installation.\" >&2\n    exit 1\nfi\n# This output is used by Xcode 'outputs' to avoid re-running this script phase.\necho \"SUCCESS\" > \"${SCRIPT_OUTPUT_FILE_0}\"\n";
			showEnvVarsInLog = 0;
		};
/* End PBXShellScriptBuildPhase section */

/* Begin PBXSourcesBuildPhase section */
		B21ABB1B210FF664009C678C /* Sources */ = {
			isa = PBXSourcesBuildPhase;
			buildActionMask = 2147483647;
			files = (
				B22C81372114133300104E02 /* RoundButton.swift in Sources */,
				B206B61221609CA700B1CCBA /* SlideInVC.swift in Sources */,
				B2E5F5E8212B260C00FC7E28 /* InfoVC.swift in Sources */,
				B2BC4A38213C535E00EDEB74 /* IconMaker.swift in Sources */,
				B21ABB25210FF664009C678C /* MainVC.swift in Sources */,
				B2BC4A3A213C55E800EDEB74 /* RecordingsMerger.swift in Sources */,
				B21ABB23210FF664009C678C /* AppDelegate.swift in Sources */,
				B2E5F5F2212B340D00FC7E28 /* IconCell.swift in Sources */,
				B23F7F1421483B02009B6ECA /* IDs.swift in Sources */,
				B2DB3F232148EE72000DD50E /* ProgressBar.swift in Sources */,
				B204ECB021134A2200A51E8B /* RecordingCell.swift in Sources */,
				B26A36BD215ECE3C00628EC9 /* HideSideNav.swift in Sources */,
				B2E5F5F7212B420900FC7E28 /* ShuffleExtension.swift in Sources */,
				B2BF9F08214009820015F330 /* Pulsing.swift in Sources */,
				B2418C1D215EAC490020E078 /* Interactor.swift in Sources */,
				B25F80B9211F4F3200AD786C /* Enums.swift in Sources */,
				B2418C1B215EA6A30020E078 /* RevealSideNav.swift in Sources */,
				B22F8FC4214922EF00B05A87 /* RoundBorderedBtn.swift in Sources */,
				B25F80C8211F667500AD786C /* RoundLabel.swift in Sources */,
				B2418C18215E8E490020E078 /* SideNavVC.swift in Sources */,
				B2E5F5F4212B401B00FC7E28 /* RoundImage.swift in Sources */,
				B2FFE74621438C7B00484AFA /* SectionHeader.swift in Sources */,
				B2418C1F215EACDA0020E078 /* MenuHelper.swift in Sources */,
				B23F7F1021483AA6009B6ECA /* UIColors.swift in Sources */,
				B2ACC673212D0E16009AE30D /* RoundedImage.swift in Sources */,
				B2E5F5EA212B2C5900FC7E28 /* Utils.swift in Sources */,
				B23F7F1621483BA5009B6ECA /* UIConstraints.swift in Sources */,
				B26C1B37212C8FDE0015795C /* CentralAudioPlayer.swift in Sources */,
				B23F7F1221483AD1009B6ECA /* UIIcons.swift in Sources */,
				B2F01E26212D8C44006D6D86 /* Toast.swift in Sources */,
			);
			runOnlyForDeploymentPostprocessing = 0;
		};
/* End PBXSourcesBuildPhase section */

/* Begin PBXVariantGroup section */
		B21ABB26210FF664009C678C /* Main.storyboard */ = {
			isa = PBXVariantGroup;
			children = (
				B21ABB27210FF664009C678C /* Base */,
			);
			name = Main.storyboard;
			sourceTree = "<group>";
		};
		B21ABB2B210FF664009C678C /* LaunchScreen.storyboard */ = {
			isa = PBXVariantGroup;
			children = (
				B21ABB2C210FF664009C678C /* Base */,
			);
			name = LaunchScreen.storyboard;
			sourceTree = "<group>";
		};
		B2F01E19212D3244006D6D86 /* penmic.png */ = {
			isa = PBXVariantGroup;
			children = (
				B2F01E18212D3244006D6D86 /* Base */,
			);
			name = penmic.png;
			sourceTree = SOURCE_ROOT;
		};
/* End PBXVariantGroup section */

/* Begin XCBuildConfiguration section */
		B21ABB2F210FF664009C678C /* Debug */ = {
			isa = XCBuildConfiguration;
			buildSettings = {
				ALWAYS_SEARCH_USER_PATHS = NO;
				CLANG_ANALYZER_NONNULL = YES;
				CLANG_ANALYZER_NUMBER_OBJECT_CONVERSION = YES_AGGRESSIVE;
				CLANG_CXX_LANGUAGE_STANDARD = "gnu++14";
				CLANG_CXX_LIBRARY = "libc++";
				CLANG_ENABLE_MODULES = YES;
				CLANG_ENABLE_OBJC_ARC = YES;
				CLANG_ENABLE_OBJC_WEAK = YES;
				CLANG_WARN_BLOCK_CAPTURE_AUTORELEASING = YES;
				CLANG_WARN_BOOL_CONVERSION = YES;
				CLANG_WARN_COMMA = YES;
				CLANG_WARN_CONSTANT_CONVERSION = YES;
				CLANG_WARN_DEPRECATED_OBJC_IMPLEMENTATIONS = YES;
				CLANG_WARN_DIRECT_OBJC_ISA_USAGE = YES_ERROR;
				CLANG_WARN_DOCUMENTATION_COMMENTS = YES;
				CLANG_WARN_EMPTY_BODY = YES;
				CLANG_WARN_ENUM_CONVERSION = YES;
				CLANG_WARN_INFINITE_RECURSION = YES;
				CLANG_WARN_INT_CONVERSION = YES;
				CLANG_WARN_NON_LITERAL_NULL_CONVERSION = YES;
				CLANG_WARN_OBJC_IMPLICIT_RETAIN_SELF = YES;
				CLANG_WARN_OBJC_LITERAL_CONVERSION = YES;
				CLANG_WARN_OBJC_ROOT_CLASS = YES_ERROR;
				CLANG_WARN_RANGE_LOOP_ANALYSIS = YES;
				CLANG_WARN_STRICT_PROTOTYPES = YES;
				CLANG_WARN_SUSPICIOUS_MOVE = YES;
				CLANG_WARN_UNGUARDED_AVAILABILITY = YES_AGGRESSIVE;
				CLANG_WARN_UNREACHABLE_CODE = YES;
				CLANG_WARN__DUPLICATE_METHOD_MATCH = YES;
				CODE_SIGN_IDENTITY = "iPhone Developer";
				COPY_PHASE_STRIP = NO;
				DEBUG_INFORMATION_FORMAT = dwarf;
				ENABLE_STRICT_OBJC_MSGSEND = YES;
				ENABLE_TESTABILITY = YES;
				GCC_C_LANGUAGE_STANDARD = gnu11;
				GCC_DYNAMIC_NO_PIC = NO;
				GCC_NO_COMMON_BLOCKS = YES;
				GCC_OPTIMIZATION_LEVEL = 0;
				GCC_PREPROCESSOR_DEFINITIONS = (
					"DEBUG=1",
					"$(inherited)",
				);
				GCC_WARN_64_TO_32_BIT_CONVERSION = YES;
				GCC_WARN_ABOUT_RETURN_TYPE = YES_ERROR;
				GCC_WARN_UNDECLARED_SELECTOR = YES;
				GCC_WARN_UNINITIALIZED_AUTOS = YES_AGGRESSIVE;
				GCC_WARN_UNUSED_FUNCTION = YES;
				GCC_WARN_UNUSED_VARIABLE = YES;
				INFOPLIST_FILE = "";
				IPHONEOS_DEPLOYMENT_TARGET = 9.0;
				MTL_ENABLE_DEBUG_INFO = YES;
				ONLY_ACTIVE_ARCH = YES;
				SDKROOT = iphoneos;
				SWIFT_ACTIVE_COMPILATION_CONDITIONS = DEBUG;
				SWIFT_OPTIMIZATION_LEVEL = "-Onone";
			};
			name = Debug;
		};
		B21ABB30210FF664009C678C /* Release */ = {
			isa = XCBuildConfiguration;
			buildSettings = {
				ALWAYS_SEARCH_USER_PATHS = NO;
				CLANG_ANALYZER_NONNULL = YES;
				CLANG_ANALYZER_NUMBER_OBJECT_CONVERSION = YES_AGGRESSIVE;
				CLANG_CXX_LANGUAGE_STANDARD = "gnu++14";
				CLANG_CXX_LIBRARY = "libc++";
				CLANG_ENABLE_MODULES = YES;
				CLANG_ENABLE_OBJC_ARC = YES;
				CLANG_ENABLE_OBJC_WEAK = YES;
				CLANG_WARN_BLOCK_CAPTURE_AUTORELEASING = YES;
				CLANG_WARN_BOOL_CONVERSION = YES;
				CLANG_WARN_COMMA = YES;
				CLANG_WARN_CONSTANT_CONVERSION = YES;
				CLANG_WARN_DEPRECATED_OBJC_IMPLEMENTATIONS = YES;
				CLANG_WARN_DIRECT_OBJC_ISA_USAGE = YES_ERROR;
				CLANG_WARN_DOCUMENTATION_COMMENTS = YES;
				CLANG_WARN_EMPTY_BODY = YES;
				CLANG_WARN_ENUM_CONVERSION = YES;
				CLANG_WARN_INFINITE_RECURSION = YES;
				CLANG_WARN_INT_CONVERSION = YES;
				CLANG_WARN_NON_LITERAL_NULL_CONVERSION = YES;
				CLANG_WARN_OBJC_IMPLICIT_RETAIN_SELF = YES;
				CLANG_WARN_OBJC_LITERAL_CONVERSION = YES;
				CLANG_WARN_OBJC_ROOT_CLASS = YES_ERROR;
				CLANG_WARN_RANGE_LOOP_ANALYSIS = YES;
				CLANG_WARN_STRICT_PROTOTYPES = YES;
				CLANG_WARN_SUSPICIOUS_MOVE = YES;
				CLANG_WARN_UNGUARDED_AVAILABILITY = YES_AGGRESSIVE;
				CLANG_WARN_UNREACHABLE_CODE = YES;
				CLANG_WARN__DUPLICATE_METHOD_MATCH = YES;
				CODE_SIGN_IDENTITY = "iPhone Developer";
				COPY_PHASE_STRIP = NO;
				DEBUG_INFORMATION_FORMAT = "dwarf-with-dsym";
				ENABLE_NS_ASSERTIONS = NO;
				ENABLE_STRICT_OBJC_MSGSEND = YES;
				GCC_C_LANGUAGE_STANDARD = gnu11;
				GCC_NO_COMMON_BLOCKS = YES;
				GCC_WARN_64_TO_32_BIT_CONVERSION = YES;
				GCC_WARN_ABOUT_RETURN_TYPE = YES_ERROR;
				GCC_WARN_UNDECLARED_SELECTOR = YES;
				GCC_WARN_UNINITIALIZED_AUTOS = YES_AGGRESSIVE;
				GCC_WARN_UNUSED_FUNCTION = YES;
				GCC_WARN_UNUSED_VARIABLE = YES;
				INFOPLIST_FILE = "";
				IPHONEOS_DEPLOYMENT_TARGET = 9.0;
				MTL_ENABLE_DEBUG_INFO = NO;
				SDKROOT = iphoneos;
				SWIFT_COMPILATION_MODE = wholemodule;
				SWIFT_OPTIMIZATION_LEVEL = "-O";
				VALIDATE_PRODUCT = YES;
			};
			name = Release;
		};
		B21ABB32210FF664009C678C /* Debug */ = {
			isa = XCBuildConfiguration;
			baseConfigurationReference = 0BECC3C4456E730C500DAC85 /* Pods-Speech-Drill.debug.xcconfig */;
			buildSettings = {
				ASSETCATALOG_COMPILER_APPICON_NAME = AppIcon;
				CODE_SIGN_STYLE = Automatic;
				DEVELOPMENT_TEAM = U4985LT7P8;
				INFOPLIST_FILE = "$(SRCROOT)/Speech-Drill/Info.plist";
				IPHONEOS_DEPLOYMENT_TARGET = 10.0;
				LD_RUNPATH_SEARCH_PATHS = "$(inherited) @executable_path/Frameworks";
				PRODUCT_BUNDLE_IDENTIFIER = com.parthtamane.SpeechTrainer;
				PRODUCT_NAME = "$(TARGET_NAME)";
				SWIFT_VERSION = 4.0;
				TARGETED_DEVICE_FAMILY = 1;
			};
			name = Debug;
		};
		B21ABB33210FF664009C678C /* Release */ = {
			isa = XCBuildConfiguration;
			baseConfigurationReference = 77D0B60F9E79CA2CAB235FD0 /* Pods-Speech-Drill.release.xcconfig */;
			buildSettings = {
				ASSETCATALOG_COMPILER_APPICON_NAME = AppIcon;
				CODE_SIGN_STYLE = Automatic;
				DEVELOPMENT_TEAM = U4985LT7P8;
				INFOPLIST_FILE = "$(SRCROOT)/Speech-Drill/Info.plist";
				IPHONEOS_DEPLOYMENT_TARGET = 10.0;
				LD_RUNPATH_SEARCH_PATHS = "$(inherited) @executable_path/Frameworks";
				PRODUCT_BUNDLE_IDENTIFIER = com.parthtamane.SpeechTrainer;
				PRODUCT_NAME = "$(TARGET_NAME)";
				SWIFT_VERSION = 4.0;
				TARGETED_DEVICE_FAMILY = 1;
			};
			name = Release;
		};
/* End XCBuildConfiguration section */

/* Begin XCConfigurationList section */
		B21ABB1A210FF664009C678C /* Build configuration list for PBXProject "Speech-Drill" */ = {
			isa = XCConfigurationList;
			buildConfigurations = (
				B21ABB2F210FF664009C678C /* Debug */,
				B21ABB30210FF664009C678C /* Release */,
			);
			defaultConfigurationIsVisible = 0;
			defaultConfigurationName = Release;
		};
		B21ABB31210FF664009C678C /* Build configuration list for PBXNativeTarget "Speech-Drill" */ = {
			isa = XCConfigurationList;
			buildConfigurations = (
				B21ABB32210FF664009C678C /* Debug */,
				B21ABB33210FF664009C678C /* Release */,
			);
			defaultConfigurationIsVisible = 0;
			defaultConfigurationName = Release;
		};
/* End XCConfigurationList section */
	};
	rootObject = B21ABB17210FF664009C678C /* Project object */;
}
